// !$*UTF8*$!
{
	archiveVersion = 1;
	classes = {
	};
	objectVersion = 50;
	objects = {

/* Begin PBXBuildFile section */
		BD0A83852482DA27001A3785 /* BookBusinessMock.swift in Sources */ = {isa = PBXBuildFile; fileRef = BD0A83842482DA27001A3785 /* BookBusinessMock.swift */; };
		BD0A83872482E2D7001A3785 /* ModelTests.swift in Sources */ = {isa = PBXBuildFile; fileRef = BD0A83862482E2D7001A3785 /* ModelTests.swift */; };
		BD16BA442484479900FE915E /* FavoriteBooksListViewController.swift in Sources */ = {isa = PBXBuildFile; fileRef = BD16BA432484479900FE915E /* FavoriteBooksListViewController.swift */; };
		BD16BA4624848B4900FE915E /* BookDetailsViewControllerTests.swift in Sources */ = {isa = PBXBuildFile; fileRef = BD16BA4524848B4900FE915E /* BookDetailsViewControllerTests.swift */; };
		BD16BA482484914600FE915E /* FavoriteBooksListViewControllerTests.swift in Sources */ = {isa = PBXBuildFile; fileRef = BD16BA472484914600FE915E /* FavoriteBooksListViewControllerTests.swift */; };
		BD2A1ED92482ED3600D5B9B2 /* BookCollectionViewCell.swift in Sources */ = {isa = PBXBuildFile; fileRef = BD2A1ED72482ED3600D5B9B2 /* BookCollectionViewCell.swift */; };
		BD2A1EDA2482ED3600D5B9B2 /* BookCollectionViewCell.xib in Resources */ = {isa = PBXBuildFile; fileRef = BD2A1ED82482ED3600D5B9B2 /* BookCollectionViewCell.xib */; };
		BD2A1EDD2482F76800D5B9B2 /* BookImageView.swift in Sources */ = {isa = PBXBuildFile; fileRef = BD2A1EDC2482F76800D5B9B2 /* BookImageView.swift */; };
		BD2A1EE0248316BA00D5B9B2 /* BookDetailsViewController.swift in Sources */ = {isa = PBXBuildFile; fileRef = BD2A1EDF248316BA00D5B9B2 /* BookDetailsViewController.swift */; };
		BD2A1EE22484065800D5B9B2 /* FavoriteBookProviderTests.swift in Sources */ = {isa = PBXBuildFile; fileRef = BD2A1EE12484065800D5B9B2 /* FavoriteBookProviderTests.swift */; };
		BD2A1EE42484166400D5B9B2 /* FavoriteBookProvider.swift in Sources */ = {isa = PBXBuildFile; fileRef = BD2A1EE32484166400D5B9B2 /* FavoriteBookProvider.swift */; };
		BD2A1EE624841FCE00D5B9B2 /* FavoriteBookBusinessTests.swift in Sources */ = {isa = PBXBuildFile; fileRef = BD2A1EE524841FCE00D5B9B2 /* FavoriteBookBusinessTests.swift */; };
		BD2A1EE8248422FA00D5B9B2 /* FavoriteBookBusiness.swift in Sources */ = {isa = PBXBuildFile; fileRef = BD2A1EE7248422FA00D5B9B2 /* FavoriteBookBusiness.swift */; };
		BD2A1EEA2484308200D5B9B2 /* FavoriteBookManagerTests.swift in Sources */ = {isa = PBXBuildFile; fileRef = BD2A1EE92484308200D5B9B2 /* FavoriteBookManagerTests.swift */; };
		BD2A1EED2484321600D5B9B2 /* FavoriteBookManager.swift in Sources */ = {isa = PBXBuildFile; fileRef = BD2A1EEC2484321600D5B9B2 /* FavoriteBookManager.swift */; };
		BD4512272481A9DC00508B44 /* AppDelegate.swift in Sources */ = {isa = PBXBuildFile; fileRef = BD4512262481A9DC00508B44 /* AppDelegate.swift */; };
		BD45122B2481A9DC00508B44 /* BooksListViewController.swift in Sources */ = {isa = PBXBuildFile; fileRef = BD45122A2481A9DC00508B44 /* BooksListViewController.swift */; };
		BD4512302481A9DC00508B44 /* Main.storyboard in Resources */ = {isa = PBXBuildFile; fileRef = BD45122E2481A9DC00508B44 /* Main.storyboard */; };
		BD4512322481A9DE00508B44 /* Assets.xcassets in Resources */ = {isa = PBXBuildFile; fileRef = BD4512312481A9DE00508B44 /* Assets.xcassets */; };
		BD4512352481A9DE00508B44 /* LaunchScreen.storyboard in Resources */ = {isa = PBXBuildFile; fileRef = BD4512332481A9DE00508B44 /* LaunchScreen.storyboard */; };
		BD4512402481A9DE00508B44 /* BookStoreTests.swift in Sources */ = {isa = PBXBuildFile; fileRef = BD45123F2481A9DE00508B44 /* BookStoreTests.swift */; };
		BD83D4842481F5A400A2C15B /* URLComponents.swift in Sources */ = {isa = PBXBuildFile; fileRef = BD83D4832481F5A400A2C15B /* URLComponents.swift */; };
		BD83D4862481FA1A00A2C15B /* RequestMock.swift in Sources */ = {isa = PBXBuildFile; fileRef = BD83D4852481FA1A00A2C15B /* RequestMock.swift */; };
		BD83D4952482A21E00A2C15B /* Business.framework in Frameworks */ = {isa = PBXBuildFile; fileRef = BD83D48C2482A21E00A2C15B /* Business.framework */; };
		BD83D49E2482A21E00A2C15B /* Business.h in Headers */ = {isa = PBXBuildFile; fileRef = BD83D48E2482A21E00A2C15B /* Business.h */; settings = {ATTRIBUTES = (Public, ); }; };
		BD83D4A12482A21E00A2C15B /* Business.framework in Frameworks */ = {isa = PBXBuildFile; fileRef = BD83D48C2482A21E00A2C15B /* Business.framework */; };
		BD83D4A22482A21E00A2C15B /* Business.framework in Embed Frameworks */ = {isa = PBXBuildFile; fileRef = BD83D48C2482A21E00A2C15B /* Business.framework */; settings = {ATTRIBUTES = (CodeSignOnCopy, RemoveHeadersOnCopy, ); }; };
		BD83D4AA2482A3E500A2C15B /* BookBusinessTests.swift in Sources */ = {isa = PBXBuildFile; fileRef = BD83D4A92482A3E500A2C15B /* BookBusinessTests.swift */; };
		BD83D4B92482A6D400A2C15B /* Model.framework in Frameworks */ = {isa = PBXBuildFile; fileRef = BD83D4B02482A6D400A2C15B /* Model.framework */; };
		BD83D4C22482A6D400A2C15B /* Model.h in Headers */ = {isa = PBXBuildFile; fileRef = BD83D4B22482A6D400A2C15B /* Model.h */; settings = {ATTRIBUTES = (Public, ); }; };
		BD83D4C52482A6D400A2C15B /* Model.framework in Frameworks */ = {isa = PBXBuildFile; fileRef = BD83D4B02482A6D400A2C15B /* Model.framework */; };
		BD83D4C62482A6D400A2C15B /* Model.framework in Embed Frameworks */ = {isa = PBXBuildFile; fileRef = BD83D4B02482A6D400A2C15B /* Model.framework */; settings = {ATTRIBUTES = (CodeSignOnCopy, RemoveHeadersOnCopy, ); }; };
		BD83D4CE2482A6F400A2C15B /* BooksResponse.swift in Sources */ = {isa = PBXBuildFile; fileRef = BD83D4CD2482A6F400A2C15B /* BooksResponse.swift */; };
		BD83D4D02482A85300A2C15B /* Book.swift in Sources */ = {isa = PBXBuildFile; fileRef = BD83D4CF2482A85300A2C15B /* Book.swift */; };
		BD83D4D22482A92700A2C15B /* VolumeInfo.swift in Sources */ = {isa = PBXBuildFile; fileRef = BD83D4D12482A92700A2C15B /* VolumeInfo.swift */; };
		BD83D4D42482AA5200A2C15B /* SaleInfo.swift in Sources */ = {isa = PBXBuildFile; fileRef = BD83D4D32482AA5200A2C15B /* SaleInfo.swift */; };
		BD83D4D62482AA9C00A2C15B /* ImageLinks.swift in Sources */ = {isa = PBXBuildFile; fileRef = BD83D4D52482AA9C00A2C15B /* ImageLinks.swift */; };
		BD83D4DD2482ABAC00A2C15B /* BookBusiness.swift in Sources */ = {isa = PBXBuildFile; fileRef = BD83D4DC2482ABAC00A2C15B /* BookBusiness.swift */; };
		BD83D4DF2482AC5600A2C15B /* BookProviderMock.swift in Sources */ = {isa = PBXBuildFile; fileRef = BD83D4DE2482AC5600A2C15B /* BookProviderMock.swift */; };
		BD83D4E12482B71400A2C15B /* books.json in Resources */ = {isa = PBXBuildFile; fileRef = BD83D4E02482B71400A2C15B /* books.json */; };
		BD83D4F02482BC2700A2C15B /* Manager.framework in Frameworks */ = {isa = PBXBuildFile; fileRef = BD83D4E72482BC2700A2C15B /* Manager.framework */; };
		BD83D4F92482BC2700A2C15B /* Manager.h in Headers */ = {isa = PBXBuildFile; fileRef = BD83D4E92482BC2700A2C15B /* Manager.h */; settings = {ATTRIBUTES = (Public, ); }; };
		BD83D4FC2482BC2700A2C15B /* Manager.framework in Frameworks */ = {isa = PBXBuildFile; fileRef = BD83D4E72482BC2700A2C15B /* Manager.framework */; };
		BD83D4FD2482BC2700A2C15B /* Manager.framework in Embed Frameworks */ = {isa = PBXBuildFile; fileRef = BD83D4E72482BC2700A2C15B /* Manager.framework */; settings = {ATTRIBUTES = (CodeSignOnCopy, RemoveHeadersOnCopy, ); }; };
		BD83D5052482BD4700A2C15B /* BooksListManagerTests.swift in Sources */ = {isa = PBXBuildFile; fileRef = BD83D5042482BD4700A2C15B /* BooksListManagerTests.swift */; };
		BD83D50C2482D52500A2C15B /* BooksListManager.swift in Sources */ = {isa = PBXBuildFile; fileRef = BD83D50B2482D52500A2C15B /* BooksListManager.swift */; };
		BDDF86A92481B88B00E59478 /* SceneDelegate.swift in Sources */ = {isa = PBXBuildFile; fileRef = BDDF86A82481B88B00E59478 /* SceneDelegate.swift */; };
		BDDF86B82481D27700E59478 /* Provider.framework in Frameworks */ = {isa = PBXBuildFile; fileRef = BDDF86AF2481D27700E59478 /* Provider.framework */; };
		BDDF86C12481D27700E59478 /* Provider.h in Headers */ = {isa = PBXBuildFile; fileRef = BDDF86B12481D27700E59478 /* Provider.h */; settings = {ATTRIBUTES = (Public, ); }; };
		BDDF86C42481D27700E59478 /* Provider.framework in Frameworks */ = {isa = PBXBuildFile; fileRef = BDDF86AF2481D27700E59478 /* Provider.framework */; };
		BDDF86C52481D27700E59478 /* Provider.framework in Embed Frameworks */ = {isa = PBXBuildFile; fileRef = BDDF86AF2481D27700E59478 /* Provider.framework */; settings = {ATTRIBUTES = (CodeSignOnCopy, RemoveHeadersOnCopy, ); }; };
		BDDF86D22481D86900E59478 /* Request.swift in Sources */ = {isa = PBXBuildFile; fileRef = BDDF86D12481D86900E59478 /* Request.swift */; };
		BDDF86D52481E21E00E59478 /* BookProvider.swift in Sources */ = {isa = PBXBuildFile; fileRef = BDDF86D42481E21E00E59478 /* BookProvider.swift */; };
		BDDF86D72481E87D00E59478 /* BookProviderTests.swift in Sources */ = {isa = PBXBuildFile; fileRef = BDDF86D62481E87D00E59478 /* BookProviderTests.swift */; };
/* End PBXBuildFile section */

/* Begin PBXContainerItemProxy section */
		BD45123C2481A9DE00508B44 /* PBXContainerItemProxy */ = {
			isa = PBXContainerItemProxy;
			containerPortal = BD45121B2481A9DC00508B44 /* Project object */;
			proxyType = 1;
			remoteGlobalIDString = BD4512222481A9DC00508B44;
			remoteInfo = BookStore;
		};
		BD83D4962482A21E00A2C15B /* PBXContainerItemProxy */ = {
			isa = PBXContainerItemProxy;
			containerPortal = BD45121B2481A9DC00508B44 /* Project object */;
			proxyType = 1;
			remoteGlobalIDString = BD83D48B2482A21E00A2C15B;
			remoteInfo = Business;
		};
		BD83D49F2482A21E00A2C15B /* PBXContainerItemProxy */ = {
			isa = PBXContainerItemProxy;
			containerPortal = BD45121B2481A9DC00508B44 /* Project object */;
			proxyType = 1;
			remoteGlobalIDString = BD83D48B2482A21E00A2C15B;
			remoteInfo = Business;
		};
		BD83D4BA2482A6D400A2C15B /* PBXContainerItemProxy */ = {
			isa = PBXContainerItemProxy;
			containerPortal = BD45121B2481A9DC00508B44 /* Project object */;
			proxyType = 1;
			remoteGlobalIDString = BD83D4AF2482A6D400A2C15B;
			remoteInfo = Model;
		};
		BD83D4BC2482A6D400A2C15B /* PBXContainerItemProxy */ = {
			isa = PBXContainerItemProxy;
			containerPortal = BD45121B2481A9DC00508B44 /* Project object */;
			proxyType = 1;
			remoteGlobalIDString = BD4512222481A9DC00508B44;
			remoteInfo = BookStore;
		};
		BD83D4C32482A6D400A2C15B /* PBXContainerItemProxy */ = {
			isa = PBXContainerItemProxy;
			containerPortal = BD45121B2481A9DC00508B44 /* Project object */;
			proxyType = 1;
			remoteGlobalIDString = BD83D4AF2482A6D400A2C15B;
			remoteInfo = Model;
		};
		BD83D4D72482AB1F00A2C15B /* PBXContainerItemProxy */ = {
			isa = PBXContainerItemProxy;
			containerPortal = BD45121B2481A9DC00508B44 /* Project object */;
			proxyType = 1;
			remoteGlobalIDString = BDDF86AE2481D27700E59478;
			remoteInfo = Provider;
		};
		BD83D4D92482AB2400A2C15B /* PBXContainerItemProxy */ = {
			isa = PBXContainerItemProxy;
			containerPortal = BD45121B2481A9DC00508B44 /* Project object */;
			proxyType = 1;
			remoteGlobalIDString = BD83D4AF2482A6D400A2C15B;
			remoteInfo = Model;
		};
		BD83D4F12482BC2700A2C15B /* PBXContainerItemProxy */ = {
			isa = PBXContainerItemProxy;
			containerPortal = BD45121B2481A9DC00508B44 /* Project object */;
			proxyType = 1;
			remoteGlobalIDString = BD83D4E62482BC2700A2C15B;
			remoteInfo = Manager;
		};
		BD83D4FA2482BC2700A2C15B /* PBXContainerItemProxy */ = {
			isa = PBXContainerItemProxy;
			containerPortal = BD45121B2481A9DC00508B44 /* Project object */;
			proxyType = 1;
			remoteGlobalIDString = BD83D4E62482BC2700A2C15B;
			remoteInfo = Manager;
		};
		BD83D5062482D4D300A2C15B /* PBXContainerItemProxy */ = {
			isa = PBXContainerItemProxy;
			containerPortal = BD45121B2481A9DC00508B44 /* Project object */;
			proxyType = 1;
			remoteGlobalIDString = BD83D4AF2482A6D400A2C15B;
			remoteInfo = Model;
		};
		BD83D5082482D4D800A2C15B /* PBXContainerItemProxy */ = {
			isa = PBXContainerItemProxy;
			containerPortal = BD45121B2481A9DC00508B44 /* Project object */;
			proxyType = 1;
			remoteGlobalIDString = BD83D48B2482A21E00A2C15B;
			remoteInfo = Business;
		};
		BDDF86B92481D27700E59478 /* PBXContainerItemProxy */ = {
			isa = PBXContainerItemProxy;
			containerPortal = BD45121B2481A9DC00508B44 /* Project object */;
			proxyType = 1;
			remoteGlobalIDString = BDDF86AE2481D27700E59478;
			remoteInfo = Provider;
		};
		BDDF86C22481D27700E59478 /* PBXContainerItemProxy */ = {
			isa = PBXContainerItemProxy;
			containerPortal = BD45121B2481A9DC00508B44 /* Project object */;
			proxyType = 1;
			remoteGlobalIDString = BDDF86AE2481D27700E59478;
			remoteInfo = Provider;
		};
/* End PBXContainerItemProxy section */

/* Begin PBXCopyFilesBuildPhase section */
		BDDF86C62481D27700E59478 /* Embed Frameworks */ = {
			isa = PBXCopyFilesBuildPhase;
			buildActionMask = 2147483647;
			dstPath = "";
			dstSubfolderSpec = 10;
			files = (
				BD83D4FD2482BC2700A2C15B /* Manager.framework in Embed Frameworks */,
				BD83D4A22482A21E00A2C15B /* Business.framework in Embed Frameworks */,
				BD83D4C62482A6D400A2C15B /* Model.framework in Embed Frameworks */,
				BDDF86C52481D27700E59478 /* Provider.framework in Embed Frameworks */,
			);
			name = "Embed Frameworks";
			runOnlyForDeploymentPostprocessing = 0;
		};
/* End PBXCopyFilesBuildPhase section */

/* Begin PBXFileReference section */
		BD0A83842482DA27001A3785 /* BookBusinessMock.swift */ = {isa = PBXFileReference; lastKnownFileType = sourcecode.swift; path = BookBusinessMock.swift; sourceTree = "<group>"; };
		BD0A83862482E2D7001A3785 /* ModelTests.swift */ = {isa = PBXFileReference; lastKnownFileType = sourcecode.swift; path = ModelTests.swift; sourceTree = "<group>"; };
		BD16BA432484479900FE915E /* FavoriteBooksListViewController.swift */ = {isa = PBXFileReference; lastKnownFileType = sourcecode.swift; path = FavoriteBooksListViewController.swift; sourceTree = "<group>"; };
		BD16BA4524848B4900FE915E /* BookDetailsViewControllerTests.swift */ = {isa = PBXFileReference; lastKnownFileType = sourcecode.swift; path = BookDetailsViewControllerTests.swift; sourceTree = "<group>"; };
		BD16BA472484914600FE915E /* FavoriteBooksListViewControllerTests.swift */ = {isa = PBXFileReference; lastKnownFileType = sourcecode.swift; path = FavoriteBooksListViewControllerTests.swift; sourceTree = "<group>"; };
		BD2A1ED72482ED3600D5B9B2 /* BookCollectionViewCell.swift */ = {isa = PBXFileReference; lastKnownFileType = sourcecode.swift; path = BookCollectionViewCell.swift; sourceTree = "<group>"; };
		BD2A1ED82482ED3600D5B9B2 /* BookCollectionViewCell.xib */ = {isa = PBXFileReference; lastKnownFileType = file.xib; path = BookCollectionViewCell.xib; sourceTree = "<group>"; };
		BD2A1EDC2482F76800D5B9B2 /* BookImageView.swift */ = {isa = PBXFileReference; lastKnownFileType = sourcecode.swift; path = BookImageView.swift; sourceTree = "<group>"; };
		BD2A1EDF248316BA00D5B9B2 /* BookDetailsViewController.swift */ = {isa = PBXFileReference; lastKnownFileType = sourcecode.swift; path = BookDetailsViewController.swift; sourceTree = "<group>"; };
		BD2A1EE12484065800D5B9B2 /* FavoriteBookProviderTests.swift */ = {isa = PBXFileReference; lastKnownFileType = sourcecode.swift; path = FavoriteBookProviderTests.swift; sourceTree = "<group>"; };
		BD2A1EE32484166400D5B9B2 /* FavoriteBookProvider.swift */ = {isa = PBXFileReference; lastKnownFileType = sourcecode.swift; path = FavoriteBookProvider.swift; sourceTree = "<group>"; };
		BD2A1EE524841FCE00D5B9B2 /* FavoriteBookBusinessTests.swift */ = {isa = PBXFileReference; lastKnownFileType = sourcecode.swift; path = FavoriteBookBusinessTests.swift; sourceTree = "<group>"; };
		BD2A1EE7248422FA00D5B9B2 /* FavoriteBookBusiness.swift */ = {isa = PBXFileReference; lastKnownFileType = sourcecode.swift; path = FavoriteBookBusiness.swift; sourceTree = "<group>"; };
		BD2A1EE92484308200D5B9B2 /* FavoriteBookManagerTests.swift */ = {isa = PBXFileReference; lastKnownFileType = sourcecode.swift; path = FavoriteBookManagerTests.swift; sourceTree = "<group>"; };
		BD2A1EEC2484321600D5B9B2 /* FavoriteBookManager.swift */ = {isa = PBXFileReference; lastKnownFileType = sourcecode.swift; path = FavoriteBookManager.swift; sourceTree = "<group>"; };
		BD4512232481A9DC00508B44 /* BookStore.app */ = {isa = PBXFileReference; explicitFileType = wrapper.application; includeInIndex = 0; path = BookStore.app; sourceTree = BUILT_PRODUCTS_DIR; };
		BD4512262481A9DC00508B44 /* AppDelegate.swift */ = {isa = PBXFileReference; lastKnownFileType = sourcecode.swift; path = AppDelegate.swift; sourceTree = "<group>"; };
		BD45122A2481A9DC00508B44 /* BooksListViewController.swift */ = {isa = PBXFileReference; lastKnownFileType = sourcecode.swift; path = BooksListViewController.swift; sourceTree = "<group>"; };
		BD45122F2481A9DC00508B44 /* Base */ = {isa = PBXFileReference; lastKnownFileType = file.storyboard; name = Base; path = Base.lproj/Main.storyboard; sourceTree = "<group>"; };
		BD4512312481A9DE00508B44 /* Assets.xcassets */ = {isa = PBXFileReference; lastKnownFileType = folder.assetcatalog; path = Assets.xcassets; sourceTree = "<group>"; };
		BD4512342481A9DE00508B44 /* Base */ = {isa = PBXFileReference; lastKnownFileType = file.storyboard; name = Base; path = Base.lproj/LaunchScreen.storyboard; sourceTree = "<group>"; };
		BD4512362481A9DE00508B44 /* Info.plist */ = {isa = PBXFileReference; lastKnownFileType = text.plist.xml; path = Info.plist; sourceTree = "<group>"; };
		BD45123B2481A9DE00508B44 /* BookStoreTests.xctest */ = {isa = PBXFileReference; explicitFileType = wrapper.cfbundle; includeInIndex = 0; path = BookStoreTests.xctest; sourceTree = BUILT_PRODUCTS_DIR; };
		BD45123F2481A9DE00508B44 /* BookStoreTests.swift */ = {isa = PBXFileReference; lastKnownFileType = sourcecode.swift; path = BookStoreTests.swift; sourceTree = "<group>"; };
		BD4512412481A9DE00508B44 /* Info.plist */ = {isa = PBXFileReference; lastKnownFileType = text.plist.xml; path = Info.plist; sourceTree = "<group>"; };
		BD83D4832481F5A400A2C15B /* URLComponents.swift */ = {isa = PBXFileReference; lastKnownFileType = sourcecode.swift; path = URLComponents.swift; sourceTree = "<group>"; };
		BD83D4852481FA1A00A2C15B /* RequestMock.swift */ = {isa = PBXFileReference; lastKnownFileType = sourcecode.swift; path = RequestMock.swift; sourceTree = "<group>"; };
		BD83D48C2482A21E00A2C15B /* Business.framework */ = {isa = PBXFileReference; explicitFileType = wrapper.framework; includeInIndex = 0; path = Business.framework; sourceTree = BUILT_PRODUCTS_DIR; };
		BD83D48E2482A21E00A2C15B /* Business.h */ = {isa = PBXFileReference; lastKnownFileType = sourcecode.c.h; path = Business.h; sourceTree = "<group>"; };
		BD83D48F2482A21E00A2C15B /* Info.plist */ = {isa = PBXFileReference; lastKnownFileType = text.plist.xml; path = Info.plist; sourceTree = "<group>"; };
		BD83D4942482A21E00A2C15B /* BusinessTests.xctest */ = {isa = PBXFileReference; explicitFileType = wrapper.cfbundle; includeInIndex = 0; path = BusinessTests.xctest; sourceTree = BUILT_PRODUCTS_DIR; };
		BD83D49D2482A21E00A2C15B /* Info.plist */ = {isa = PBXFileReference; lastKnownFileType = text.plist.xml; path = Info.plist; sourceTree = "<group>"; };
		BD83D4A92482A3E500A2C15B /* BookBusinessTests.swift */ = {isa = PBXFileReference; lastKnownFileType = sourcecode.swift; path = BookBusinessTests.swift; sourceTree = "<group>"; };
		BD83D4B02482A6D400A2C15B /* Model.framework */ = {isa = PBXFileReference; explicitFileType = wrapper.framework; includeInIndex = 0; path = Model.framework; sourceTree = BUILT_PRODUCTS_DIR; };
		BD83D4B22482A6D400A2C15B /* Model.h */ = {isa = PBXFileReference; lastKnownFileType = sourcecode.c.h; path = Model.h; sourceTree = "<group>"; };
		BD83D4B32482A6D400A2C15B /* Info.plist */ = {isa = PBXFileReference; lastKnownFileType = text.plist.xml; path = Info.plist; sourceTree = "<group>"; };
		BD83D4B82482A6D400A2C15B /* ModelTests.xctest */ = {isa = PBXFileReference; explicitFileType = wrapper.cfbundle; includeInIndex = 0; path = ModelTests.xctest; sourceTree = BUILT_PRODUCTS_DIR; };
		BD83D4C12482A6D400A2C15B /* Info.plist */ = {isa = PBXFileReference; lastKnownFileType = text.plist.xml; path = Info.plist; sourceTree = "<group>"; };
		BD83D4CD2482A6F400A2C15B /* BooksResponse.swift */ = {isa = PBXFileReference; lastKnownFileType = sourcecode.swift; path = BooksResponse.swift; sourceTree = "<group>"; };
		BD83D4CF2482A85300A2C15B /* Book.swift */ = {isa = PBXFileReference; lastKnownFileType = sourcecode.swift; path = Book.swift; sourceTree = "<group>"; };
		BD83D4D12482A92700A2C15B /* VolumeInfo.swift */ = {isa = PBXFileReference; lastKnownFileType = sourcecode.swift; path = VolumeInfo.swift; sourceTree = "<group>"; };
		BD83D4D32482AA5200A2C15B /* SaleInfo.swift */ = {isa = PBXFileReference; lastKnownFileType = sourcecode.swift; path = SaleInfo.swift; sourceTree = "<group>"; };
		BD83D4D52482AA9C00A2C15B /* ImageLinks.swift */ = {isa = PBXFileReference; lastKnownFileType = sourcecode.swift; path = ImageLinks.swift; sourceTree = "<group>"; };
		BD83D4DC2482ABAC00A2C15B /* BookBusiness.swift */ = {isa = PBXFileReference; lastKnownFileType = sourcecode.swift; path = BookBusiness.swift; sourceTree = "<group>"; };
		BD83D4DE2482AC5600A2C15B /* BookProviderMock.swift */ = {isa = PBXFileReference; lastKnownFileType = sourcecode.swift; path = BookProviderMock.swift; sourceTree = "<group>"; };
		BD83D4E02482B71400A2C15B /* books.json */ = {isa = PBXFileReference; fileEncoding = 4; lastKnownFileType = text.json; path = books.json; sourceTree = "<group>"; };
		BD83D4E72482BC2700A2C15B /* Manager.framework */ = {isa = PBXFileReference; explicitFileType = wrapper.framework; includeInIndex = 0; path = Manager.framework; sourceTree = BUILT_PRODUCTS_DIR; };
		BD83D4E92482BC2700A2C15B /* Manager.h */ = {isa = PBXFileReference; lastKnownFileType = sourcecode.c.h; path = Manager.h; sourceTree = "<group>"; };
		BD83D4EA2482BC2700A2C15B /* Info.plist */ = {isa = PBXFileReference; lastKnownFileType = text.plist.xml; path = Info.plist; sourceTree = "<group>"; };
		BD83D4EF2482BC2700A2C15B /* ManagerTests.xctest */ = {isa = PBXFileReference; explicitFileType = wrapper.cfbundle; includeInIndex = 0; path = ManagerTests.xctest; sourceTree = BUILT_PRODUCTS_DIR; };
		BD83D4F82482BC2700A2C15B /* Info.plist */ = {isa = PBXFileReference; lastKnownFileType = text.plist.xml; path = Info.plist; sourceTree = "<group>"; };
		BD83D5042482BD4700A2C15B /* BooksListManagerTests.swift */ = {isa = PBXFileReference; lastKnownFileType = sourcecode.swift; path = BooksListManagerTests.swift; sourceTree = "<group>"; };
		BD83D50B2482D52500A2C15B /* BooksListManager.swift */ = {isa = PBXFileReference; lastKnownFileType = sourcecode.swift; path = BooksListManager.swift; sourceTree = "<group>"; };
		BDDF86A82481B88B00E59478 /* SceneDelegate.swift */ = {isa = PBXFileReference; fileEncoding = 4; lastKnownFileType = sourcecode.swift; path = SceneDelegate.swift; sourceTree = "<group>"; };
		BDDF86AF2481D27700E59478 /* Provider.framework */ = {isa = PBXFileReference; explicitFileType = wrapper.framework; includeInIndex = 0; path = Provider.framework; sourceTree = BUILT_PRODUCTS_DIR; };
		BDDF86B12481D27700E59478 /* Provider.h */ = {isa = PBXFileReference; lastKnownFileType = sourcecode.c.h; path = Provider.h; sourceTree = "<group>"; };
		BDDF86B22481D27700E59478 /* Info.plist */ = {isa = PBXFileReference; lastKnownFileType = text.plist.xml; path = Info.plist; sourceTree = "<group>"; };
		BDDF86B72481D27700E59478 /* ProviderTests.xctest */ = {isa = PBXFileReference; explicitFileType = wrapper.cfbundle; includeInIndex = 0; path = ProviderTests.xctest; sourceTree = BUILT_PRODUCTS_DIR; };
		BDDF86C02481D27700E59478 /* Info.plist */ = {isa = PBXFileReference; lastKnownFileType = text.plist.xml; path = Info.plist; sourceTree = "<group>"; };
		BDDF86D12481D86900E59478 /* Request.swift */ = {isa = PBXFileReference; lastKnownFileType = sourcecode.swift; path = Request.swift; sourceTree = "<group>"; };
		BDDF86D42481E21E00E59478 /* BookProvider.swift */ = {isa = PBXFileReference; lastKnownFileType = sourcecode.swift; path = BookProvider.swift; sourceTree = "<group>"; };
		BDDF86D62481E87D00E59478 /* BookProviderTests.swift */ = {isa = PBXFileReference; lastKnownFileType = sourcecode.swift; path = BookProviderTests.swift; sourceTree = "<group>"; };
/* End PBXFileReference section */

/* Begin PBXFrameworksBuildPhase section */
		BD4512202481A9DC00508B44 /* Frameworks */ = {
			isa = PBXFrameworksBuildPhase;
			buildActionMask = 2147483647;
			files = (
				BD83D4FC2482BC2700A2C15B /* Manager.framework in Frameworks */,
				BD83D4A12482A21E00A2C15B /* Business.framework in Frameworks */,
				BD83D4C52482A6D400A2C15B /* Model.framework in Frameworks */,
				BDDF86C42481D27700E59478 /* Provider.framework in Frameworks */,
			);
			runOnlyForDeploymentPostprocessing = 0;
		};
		BD4512382481A9DE00508B44 /* Frameworks */ = {
			isa = PBXFrameworksBuildPhase;
			buildActionMask = 2147483647;
			files = (
			);
			runOnlyForDeploymentPostprocessing = 0;
		};
		BD83D4892482A21E00A2C15B /* Frameworks */ = {
			isa = PBXFrameworksBuildPhase;
			buildActionMask = 2147483647;
			files = (
			);
			runOnlyForDeploymentPostprocessing = 0;
		};
		BD83D4912482A21E00A2C15B /* Frameworks */ = {
			isa = PBXFrameworksBuildPhase;
			buildActionMask = 2147483647;
			files = (
				BD83D4952482A21E00A2C15B /* Business.framework in Frameworks */,
			);
			runOnlyForDeploymentPostprocessing = 0;
		};
		BD83D4AD2482A6D400A2C15B /* Frameworks */ = {
			isa = PBXFrameworksBuildPhase;
			buildActionMask = 2147483647;
			files = (
			);
			runOnlyForDeploymentPostprocessing = 0;
		};
		BD83D4B52482A6D400A2C15B /* Frameworks */ = {
			isa = PBXFrameworksBuildPhase;
			buildActionMask = 2147483647;
			files = (
				BD83D4B92482A6D400A2C15B /* Model.framework in Frameworks */,
			);
			runOnlyForDeploymentPostprocessing = 0;
		};
		BD83D4E42482BC2700A2C15B /* Frameworks */ = {
			isa = PBXFrameworksBuildPhase;
			buildActionMask = 2147483647;
			files = (
			);
			runOnlyForDeploymentPostprocessing = 0;
		};
		BD83D4EC2482BC2700A2C15B /* Frameworks */ = {
			isa = PBXFrameworksBuildPhase;
			buildActionMask = 2147483647;
			files = (
				BD83D4F02482BC2700A2C15B /* Manager.framework in Frameworks */,
			);
			runOnlyForDeploymentPostprocessing = 0;
		};
		BDDF86AC2481D27700E59478 /* Frameworks */ = {
			isa = PBXFrameworksBuildPhase;
			buildActionMask = 2147483647;
			files = (
			);
			runOnlyForDeploymentPostprocessing = 0;
		};
		BDDF86B42481D27700E59478 /* Frameworks */ = {
			isa = PBXFrameworksBuildPhase;
			buildActionMask = 2147483647;
			files = (
				BDDF86B82481D27700E59478 /* Provider.framework in Frameworks */,
			);
			runOnlyForDeploymentPostprocessing = 0;
		};
/* End PBXFrameworksBuildPhase section */

/* Begin PBXGroup section */
		BD0A83882482E460001A3785 /* BooksList */ = {
			isa = PBXGroup;
			children = (
				BD45122A2481A9DC00508B44 /* BooksListViewController.swift */,
			);
			path = BooksList;
			sourceTree = "<group>";
		};
		BD16BA422484477700FE915E /* FavoriteBooksList */ = {
			isa = PBXGroup;
			children = (
				BD16BA432484479900FE915E /* FavoriteBooksListViewController.swift */,
			);
			path = FavoriteBooksList;
			sourceTree = "<group>";
		};
		BD2A1ED52482ECDA00D5B9B2 /* Components */ = {
			isa = PBXGroup;
			children = (
				BD2A1EDB2482F73100D5B9B2 /* BookImageView */,
				BD2A1ED62482ECE200D5B9B2 /* BookCell */,
			);
			path = Components;
			sourceTree = "<group>";
		};
		BD2A1ED62482ECE200D5B9B2 /* BookCell */ = {
			isa = PBXGroup;
			children = (
				BD2A1ED72482ED3600D5B9B2 /* BookCollectionViewCell.swift */,
				BD2A1ED82482ED3600D5B9B2 /* BookCollectionViewCell.xib */,
			);
			path = BookCell;
			sourceTree = "<group>";
		};
		BD2A1EDB2482F73100D5B9B2 /* BookImageView */ = {
			isa = PBXGroup;
			children = (
				BD2A1EDC2482F76800D5B9B2 /* BookImageView.swift */,
			);
			path = BookImageView;
			sourceTree = "<group>";
		};
		BD2A1EDE2483169300D5B9B2 /* BookDetails */ = {
			isa = PBXGroup;
			children = (
				BD2A1EDF248316BA00D5B9B2 /* BookDetailsViewController.swift */,
			);
			path = BookDetails;
			sourceTree = "<group>";
		};
		BD2A1EEB2484320900D5B9B2 /* FavoriteBook */ = {
			isa = PBXGroup;
			children = (
				BD2A1EEC2484321600D5B9B2 /* FavoriteBookManager.swift */,
			);
			path = FavoriteBook;
			sourceTree = "<group>";
		};
		BD45121A2481A9DC00508B44 = {
			isa = PBXGroup;
			children = (
				BD4512252481A9DC00508B44 /* BookStore */,
				BD83D4E82482BC2700A2C15B /* Manager */,
				BD83D4B12482A6D400A2C15B /* Model */,
				BD83D48D2482A21E00A2C15B /* Business */,
				BDDF86B02481D27700E59478 /* Provider */,
				BD45123E2481A9DE00508B44 /* BookStoreTests */,
				BD83D4F52482BC2700A2C15B /* ManagerTests */,
				BD83D4BE2482A6D400A2C15B /* ModelTests */,
				BD83D49A2482A21E00A2C15B /* BusinessTests */,
				BDDF86BD2481D27700E59478 /* ProviderTests */,
				BD4512242481A9DC00508B44 /* Products */,
			);
			sourceTree = "<group>";
		};
		BD4512242481A9DC00508B44 /* Products */ = {
			isa = PBXGroup;
			children = (
				BD4512232481A9DC00508B44 /* BookStore.app */,
				BD45123B2481A9DE00508B44 /* BookStoreTests.xctest */,
				BDDF86AF2481D27700E59478 /* Provider.framework */,
				BDDF86B72481D27700E59478 /* ProviderTests.xctest */,
				BD83D48C2482A21E00A2C15B /* Business.framework */,
				BD83D4942482A21E00A2C15B /* BusinessTests.xctest */,
				BD83D4B02482A6D400A2C15B /* Model.framework */,
				BD83D4B82482A6D400A2C15B /* ModelTests.xctest */,
				BD83D4E72482BC2700A2C15B /* Manager.framework */,
				BD83D4EF2482BC2700A2C15B /* ManagerTests.xctest */,
			);
			name = Products;
			sourceTree = "<group>";
		};
		BD4512252481A9DC00508B44 /* BookStore */ = {
			isa = PBXGroup;
			children = (
				BD2A1ED52482ECDA00D5B9B2 /* Components */,
				BD16BA422484477700FE915E /* FavoriteBooksList */,
				BD0A83882482E460001A3785 /* BooksList */,
				BD2A1EDE2483169300D5B9B2 /* BookDetails */,
				BDDF86A82481B88B00E59478 /* SceneDelegate.swift */,
				BD4512262481A9DC00508B44 /* AppDelegate.swift */,
				BD45122E2481A9DC00508B44 /* Main.storyboard */,
				BD4512312481A9DE00508B44 /* Assets.xcassets */,
				BD4512332481A9DE00508B44 /* LaunchScreen.storyboard */,
				BD4512362481A9DE00508B44 /* Info.plist */,
			);
			path = BookStore;
			sourceTree = "<group>";
		};
		BD45123E2481A9DE00508B44 /* BookStoreTests */ = {
			isa = PBXGroup;
			children = (
				BD45123F2481A9DE00508B44 /* BookStoreTests.swift */,
				BD16BA4524848B4900FE915E /* BookDetailsViewControllerTests.swift */,
				BD16BA472484914600FE915E /* FavoriteBooksListViewControllerTests.swift */,
				BD4512412481A9DE00508B44 /* Info.plist */,
			);
			path = BookStoreTests;
			sourceTree = "<group>";
		};
		BD83D4822481F58800A2C15B /* Extensions */ = {
			isa = PBXGroup;
			children = (
				BD83D4832481F5A400A2C15B /* URLComponents.swift */,
			);
			path = Extensions;
			sourceTree = "<group>";
		};
		BD83D48D2482A21E00A2C15B /* Business */ = {
			isa = PBXGroup;
			children = (
				BD83D4DB2482AB9C00A2C15B /* Book */,
				BD83D48E2482A21E00A2C15B /* Business.h */,
				BD83D48F2482A21E00A2C15B /* Info.plist */,
			);
			path = Business;
			sourceTree = "<group>";
		};
		BD83D49A2482A21E00A2C15B /* BusinessTests */ = {
			isa = PBXGroup;
			children = (
				BD83D4E02482B71400A2C15B /* books.json */,
				BD83D4A92482A3E500A2C15B /* BookBusinessTests.swift */,
				BD83D4DE2482AC5600A2C15B /* BookProviderMock.swift */,
				BD2A1EE524841FCE00D5B9B2 /* FavoriteBookBusinessTests.swift */,
				BD83D49D2482A21E00A2C15B /* Info.plist */,
			);
			path = BusinessTests;
			sourceTree = "<group>";
		};
		BD83D4B12482A6D400A2C15B /* Model */ = {
			isa = PBXGroup;
			children = (
				BD83D4B22482A6D400A2C15B /* Model.h */,
				BD83D4CD2482A6F400A2C15B /* BooksResponse.swift */,
				BD83D4CF2482A85300A2C15B /* Book.swift */,
				BD83D4D12482A92700A2C15B /* VolumeInfo.swift */,
				BD83D4D32482AA5200A2C15B /* SaleInfo.swift */,
				BD83D4D52482AA9C00A2C15B /* ImageLinks.swift */,
				BD83D4B32482A6D400A2C15B /* Info.plist */,
			);
			path = Model;
			sourceTree = "<group>";
		};
		BD83D4BE2482A6D400A2C15B /* ModelTests */ = {
			isa = PBXGroup;
			children = (
				BD83D4C12482A6D400A2C15B /* Info.plist */,
				BD0A83862482E2D7001A3785 /* ModelTests.swift */,
			);
			path = ModelTests;
			sourceTree = "<group>";
		};
		BD83D4DB2482AB9C00A2C15B /* Book */ = {
			isa = PBXGroup;
			children = (
				BD83D4DC2482ABAC00A2C15B /* BookBusiness.swift */,
				BD2A1EE7248422FA00D5B9B2 /* FavoriteBookBusiness.swift */,
			);
			path = Book;
			sourceTree = "<group>";
		};
		BD83D4E82482BC2700A2C15B /* Manager */ = {
			isa = PBXGroup;
			children = (
				BD2A1EEB2484320900D5B9B2 /* FavoriteBook */,
				BD83D50A2482D50600A2C15B /* BooksList */,
				BD83D4E92482BC2700A2C15B /* Manager.h */,
				BD83D4EA2482BC2700A2C15B /* Info.plist */,
			);
			path = Manager;
			sourceTree = "<group>";
		};
		BD83D4F52482BC2700A2C15B /* ManagerTests */ = {
			isa = PBXGroup;
			children = (
				BD83D4F82482BC2700A2C15B /* Info.plist */,
				BD83D5042482BD4700A2C15B /* BooksListManagerTests.swift */,
				BD0A83842482DA27001A3785 /* BookBusinessMock.swift */,
				BD2A1EE92484308200D5B9B2 /* FavoriteBookManagerTests.swift */,
			);
			path = ManagerTests;
			sourceTree = "<group>";
		};
		BD83D50A2482D50600A2C15B /* BooksList */ = {
			isa = PBXGroup;
			children = (
				BD83D50B2482D52500A2C15B /* BooksListManager.swift */,
			);
			path = BooksList;
			sourceTree = "<group>";
		};
		BDDF86B02481D27700E59478 /* Provider */ = {
			isa = PBXGroup;
			children = (
				BD83D4822481F58800A2C15B /* Extensions */,
				BDDF86D32481E1A000E59478 /* Book */,
				BDDF86B12481D27700E59478 /* Provider.h */,
				BDDF86D12481D86900E59478 /* Request.swift */,
				BDDF86B22481D27700E59478 /* Info.plist */,
			);
			path = Provider;
			sourceTree = "<group>";
		};
		BDDF86BD2481D27700E59478 /* ProviderTests */ = {
			isa = PBXGroup;
			children = (
				BDDF86D62481E87D00E59478 /* BookProviderTests.swift */,
				BD2A1EE12484065800D5B9B2 /* FavoriteBookProviderTests.swift */,
				BD83D4852481FA1A00A2C15B /* RequestMock.swift */,
				BDDF86C02481D27700E59478 /* Info.plist */,
			);
			path = ProviderTests;
			sourceTree = "<group>";
		};
		BDDF86D32481E1A000E59478 /* Book */ = {
			isa = PBXGroup;
			children = (
				BDDF86D42481E21E00E59478 /* BookProvider.swift */,
				BD2A1EE32484166400D5B9B2 /* FavoriteBookProvider.swift */,
			);
			path = Book;
			sourceTree = "<group>";
		};
/* End PBXGroup section */

/* Begin PBXHeadersBuildPhase section */
		BD83D4872482A21E00A2C15B /* Headers */ = {
			isa = PBXHeadersBuildPhase;
			buildActionMask = 2147483647;
			files = (
				BD83D49E2482A21E00A2C15B /* Business.h in Headers */,
			);
			runOnlyForDeploymentPostprocessing = 0;
		};
		BD83D4AB2482A6D400A2C15B /* Headers */ = {
			isa = PBXHeadersBuildPhase;
			buildActionMask = 2147483647;
			files = (
				BD83D4C22482A6D400A2C15B /* Model.h in Headers */,
			);
			runOnlyForDeploymentPostprocessing = 0;
		};
		BD83D4E22482BC2700A2C15B /* Headers */ = {
			isa = PBXHeadersBuildPhase;
			buildActionMask = 2147483647;
			files = (
				BD83D4F92482BC2700A2C15B /* Manager.h in Headers */,
			);
			runOnlyForDeploymentPostprocessing = 0;
		};
		BDDF86AA2481D27700E59478 /* Headers */ = {
			isa = PBXHeadersBuildPhase;
			buildActionMask = 2147483647;
			files = (
				BDDF86C12481D27700E59478 /* Provider.h in Headers */,
			);
			runOnlyForDeploymentPostprocessing = 0;
		};
/* End PBXHeadersBuildPhase section */

/* Begin PBXNativeTarget section */
		BD4512222481A9DC00508B44 /* BookStore */ = {
			isa = PBXNativeTarget;
			buildConfigurationList = BD4512442481A9DE00508B44 /* Build configuration list for PBXNativeTarget "BookStore" */;
			buildPhases = (
				BD45121F2481A9DC00508B44 /* Sources */,
				BD4512202481A9DC00508B44 /* Frameworks */,
				BD4512212481A9DC00508B44 /* Resources */,
				BDDF86C62481D27700E59478 /* Embed Frameworks */,
			);
			buildRules = (
			);
			dependencies = (
				BDDF86C32481D27700E59478 /* PBXTargetDependency */,
				BD83D4A02482A21E00A2C15B /* PBXTargetDependency */,
				BD83D4C42482A6D400A2C15B /* PBXTargetDependency */,
				BD83D4FB2482BC2700A2C15B /* PBXTargetDependency */,
			);
			name = BookStore;
			productName = BookStore;
			productReference = BD4512232481A9DC00508B44 /* BookStore.app */;
			productType = "com.apple.product-type.application";
		};
		BD45123A2481A9DE00508B44 /* BookStoreTests */ = {
			isa = PBXNativeTarget;
			buildConfigurationList = BD4512472481A9DE00508B44 /* Build configuration list for PBXNativeTarget "BookStoreTests" */;
			buildPhases = (
				BD4512372481A9DE00508B44 /* Sources */,
				BD4512382481A9DE00508B44 /* Frameworks */,
				BD4512392481A9DE00508B44 /* Resources */,
			);
			buildRules = (
			);
			dependencies = (
				BD45123D2481A9DE00508B44 /* PBXTargetDependency */,
			);
			name = BookStoreTests;
			productName = BookStoreTests;
			productReference = BD45123B2481A9DE00508B44 /* BookStoreTests.xctest */;
			productType = "com.apple.product-type.bundle.unit-test";
		};
		BD83D48B2482A21E00A2C15B /* Business */ = {
			isa = PBXNativeTarget;
			buildConfigurationList = BD83D4A32482A21E00A2C15B /* Build configuration list for PBXNativeTarget "Business" */;
			buildPhases = (
				BD83D4872482A21E00A2C15B /* Headers */,
				BD83D4882482A21E00A2C15B /* Sources */,
				BD83D4892482A21E00A2C15B /* Frameworks */,
				BD83D48A2482A21E00A2C15B /* Resources */,
			);
			buildRules = (
			);
			dependencies = (
				BD83D4DA2482AB2400A2C15B /* PBXTargetDependency */,
				BD83D4D82482AB1F00A2C15B /* PBXTargetDependency */,
			);
			name = Business;
			productName = Business;
			productReference = BD83D48C2482A21E00A2C15B /* Business.framework */;
			productType = "com.apple.product-type.framework";
		};
		BD83D4932482A21E00A2C15B /* BusinessTests */ = {
			isa = PBXNativeTarget;
			buildConfigurationList = BD83D4A62482A21E00A2C15B /* Build configuration list for PBXNativeTarget "BusinessTests" */;
			buildPhases = (
				BD83D4902482A21E00A2C15B /* Sources */,
				BD83D4912482A21E00A2C15B /* Frameworks */,
				BD83D4922482A21E00A2C15B /* Resources */,
			);
			buildRules = (
			);
			dependencies = (
				BD83D4972482A21E00A2C15B /* PBXTargetDependency */,
			);
			name = BusinessTests;
			productName = BusinessTests;
			productReference = BD83D4942482A21E00A2C15B /* BusinessTests.xctest */;
			productType = "com.apple.product-type.bundle.unit-test";
		};
		BD83D4AF2482A6D400A2C15B /* Model */ = {
			isa = PBXNativeTarget;
			buildConfigurationList = BD83D4C72482A6D400A2C15B /* Build configuration list for PBXNativeTarget "Model" */;
			buildPhases = (
				BD83D4AB2482A6D400A2C15B /* Headers */,
				BD83D4AC2482A6D400A2C15B /* Sources */,
				BD83D4AD2482A6D400A2C15B /* Frameworks */,
				BD83D4AE2482A6D400A2C15B /* Resources */,
			);
			buildRules = (
			);
			dependencies = (
			);
			name = Model;
			productName = Model;
			productReference = BD83D4B02482A6D400A2C15B /* Model.framework */;
			productType = "com.apple.product-type.framework";
		};
		BD83D4B72482A6D400A2C15B /* ModelTests */ = {
			isa = PBXNativeTarget;
			buildConfigurationList = BD83D4CA2482A6D400A2C15B /* Build configuration list for PBXNativeTarget "ModelTests" */;
			buildPhases = (
				BD83D4B42482A6D400A2C15B /* Sources */,
				BD83D4B52482A6D400A2C15B /* Frameworks */,
				BD83D4B62482A6D400A2C15B /* Resources */,
			);
			buildRules = (
			);
			dependencies = (
				BD83D4BB2482A6D400A2C15B /* PBXTargetDependency */,
				BD83D4BD2482A6D400A2C15B /* PBXTargetDependency */,
			);
			name = ModelTests;
			productName = ModelTests;
			productReference = BD83D4B82482A6D400A2C15B /* ModelTests.xctest */;
			productType = "com.apple.product-type.bundle.unit-test";
		};
		BD83D4E62482BC2700A2C15B /* Manager */ = {
			isa = PBXNativeTarget;
			buildConfigurationList = BD83D4FE2482BC2700A2C15B /* Build configuration list for PBXNativeTarget "Manager" */;
			buildPhases = (
				BD83D4E22482BC2700A2C15B /* Headers */,
				BD83D4E32482BC2700A2C15B /* Sources */,
				BD83D4E42482BC2700A2C15B /* Frameworks */,
				BD83D4E52482BC2700A2C15B /* Resources */,
			);
			buildRules = (
			);
			dependencies = (
				BD83D5072482D4D300A2C15B /* PBXTargetDependency */,
				BD83D5092482D4D800A2C15B /* PBXTargetDependency */,
			);
			name = Manager;
			productName = Manager;
			productReference = BD83D4E72482BC2700A2C15B /* Manager.framework */;
			productType = "com.apple.product-type.framework";
		};
		BD83D4EE2482BC2700A2C15B /* ManagerTests */ = {
			isa = PBXNativeTarget;
			buildConfigurationList = BD83D5012482BC2700A2C15B /* Build configuration list for PBXNativeTarget "ManagerTests" */;
			buildPhases = (
				BD83D4EB2482BC2700A2C15B /* Sources */,
				BD83D4EC2482BC2700A2C15B /* Frameworks */,
				BD83D4ED2482BC2700A2C15B /* Resources */,
			);
			buildRules = (
			);
			dependencies = (
				BD83D4F22482BC2700A2C15B /* PBXTargetDependency */,
			);
			name = ManagerTests;
			productName = ManagerTests;
			productReference = BD83D4EF2482BC2700A2C15B /* ManagerTests.xctest */;
			productType = "com.apple.product-type.bundle.unit-test";
		};
		BDDF86AE2481D27700E59478 /* Provider */ = {
			isa = PBXNativeTarget;
			buildConfigurationList = BDDF86CB2481D27700E59478 /* Build configuration list for PBXNativeTarget "Provider" */;
			buildPhases = (
				BDDF86AA2481D27700E59478 /* Headers */,
				BDDF86AB2481D27700E59478 /* Sources */,
				BDDF86AC2481D27700E59478 /* Frameworks */,
				BDDF86AD2481D27700E59478 /* Resources */,
			);
			buildRules = (
			);
			dependencies = (
			);
			name = Provider;
			productName = Provider;
			productReference = BDDF86AF2481D27700E59478 /* Provider.framework */;
			productType = "com.apple.product-type.framework";
		};
		BDDF86B62481D27700E59478 /* ProviderTests */ = {
			isa = PBXNativeTarget;
			buildConfigurationList = BDDF86CC2481D27700E59478 /* Build configuration list for PBXNativeTarget "ProviderTests" */;
			buildPhases = (
				BDDF86B32481D27700E59478 /* Sources */,
				BDDF86B42481D27700E59478 /* Frameworks */,
				BDDF86B52481D27700E59478 /* Resources */,
			);
			buildRules = (
			);
			dependencies = (
				BDDF86BA2481D27700E59478 /* PBXTargetDependency */,
			);
			name = ProviderTests;
			productName = ProviderTests;
			productReference = BDDF86B72481D27700E59478 /* ProviderTests.xctest */;
			productType = "com.apple.product-type.bundle.unit-test";
		};
/* End PBXNativeTarget section */

/* Begin PBXProject section */
		BD45121B2481A9DC00508B44 /* Project object */ = {
			isa = PBXProject;
			attributes = {
				LastSwiftUpdateCheck = 1150;
				LastUpgradeCheck = 1150;
				ORGANIZATIONNAME = "Lucas Macedo de Lemos";
				TargetAttributes = {
					BD4512222481A9DC00508B44 = {
						CreatedOnToolsVersion = 11.5;
					};
					BD45123A2481A9DE00508B44 = {
						CreatedOnToolsVersion = 11.5;
						TestTargetID = BD4512222481A9DC00508B44;
					};
					BD83D48B2482A21E00A2C15B = {
						CreatedOnToolsVersion = 11.5;
						LastSwiftMigration = 1150;
					};
					BD83D4932482A21E00A2C15B = {
						CreatedOnToolsVersion = 11.5;
						TestTargetID = BD4512222481A9DC00508B44;
					};
					BD83D4AF2482A6D400A2C15B = {
						CreatedOnToolsVersion = 11.5;
						LastSwiftMigration = 1150;
					};
					BD83D4B72482A6D400A2C15B = {
						CreatedOnToolsVersion = 11.5;
						LastSwiftMigration = 1150;
						TestTargetID = BD4512222481A9DC00508B44;
					};
					BD83D4E62482BC2700A2C15B = {
						CreatedOnToolsVersion = 11.5;
						LastSwiftMigration = 1150;
					};
					BD83D4EE2482BC2700A2C15B = {
						CreatedOnToolsVersion = 11.5;
						TestTargetID = BD4512222481A9DC00508B44;
					};
					BDDF86AE2481D27700E59478 = {
						CreatedOnToolsVersion = 11.5;
						LastSwiftMigration = 1150;
					};
					BDDF86B62481D27700E59478 = {
						CreatedOnToolsVersion = 11.5;
						TestTargetID = BD4512222481A9DC00508B44;
					};
				};
			};
			buildConfigurationList = BD45121E2481A9DC00508B44 /* Build configuration list for PBXProject "BookStore" */;
			compatibilityVersion = "Xcode 9.3";
			developmentRegion = en;
			hasScannedForEncodings = 0;
			knownRegions = (
				en,
				Base,
			);
			mainGroup = BD45121A2481A9DC00508B44;
			productRefGroup = BD4512242481A9DC00508B44 /* Products */;
			projectDirPath = "";
			projectRoot = "";
			targets = (
				BD4512222481A9DC00508B44 /* BookStore */,
				BD45123A2481A9DE00508B44 /* BookStoreTests */,
				BDDF86AE2481D27700E59478 /* Provider */,
				BDDF86B62481D27700E59478 /* ProviderTests */,
				BD83D48B2482A21E00A2C15B /* Business */,
				BD83D4932482A21E00A2C15B /* BusinessTests */,
				BD83D4AF2482A6D400A2C15B /* Model */,
				BD83D4B72482A6D400A2C15B /* ModelTests */,
				BD83D4E62482BC2700A2C15B /* Manager */,
				BD83D4EE2482BC2700A2C15B /* ManagerTests */,
			);
		};
/* End PBXProject section */

/* Begin PBXResourcesBuildPhase section */
		BD4512212481A9DC00508B44 /* Resources */ = {
			isa = PBXResourcesBuildPhase;
			buildActionMask = 2147483647;
			files = (
				BD4512352481A9DE00508B44 /* LaunchScreen.storyboard in Resources */,
				BD2A1EDA2482ED3600D5B9B2 /* BookCollectionViewCell.xib in Resources */,
				BD4512322481A9DE00508B44 /* Assets.xcassets in Resources */,
				BD4512302481A9DC00508B44 /* Main.storyboard in Resources */,
			);
			runOnlyForDeploymentPostprocessing = 0;
		};
		BD4512392481A9DE00508B44 /* Resources */ = {
			isa = PBXResourcesBuildPhase;
			buildActionMask = 2147483647;
			files = (
			);
			runOnlyForDeploymentPostprocessing = 0;
		};
		BD83D48A2482A21E00A2C15B /* Resources */ = {
			isa = PBXResourcesBuildPhase;
			buildActionMask = 2147483647;
			files = (
			);
			runOnlyForDeploymentPostprocessing = 0;
		};
		BD83D4922482A21E00A2C15B /* Resources */ = {
			isa = PBXResourcesBuildPhase;
			buildActionMask = 2147483647;
			files = (
				BD83D4E12482B71400A2C15B /* books.json in Resources */,
			);
			runOnlyForDeploymentPostprocessing = 0;
		};
		BD83D4AE2482A6D400A2C15B /* Resources */ = {
			isa = PBXResourcesBuildPhase;
			buildActionMask = 2147483647;
			files = (
			);
			runOnlyForDeploymentPostprocessing = 0;
		};
		BD83D4B62482A6D400A2C15B /* Resources */ = {
			isa = PBXResourcesBuildPhase;
			buildActionMask = 2147483647;
			files = (
			);
			runOnlyForDeploymentPostprocessing = 0;
		};
		BD83D4E52482BC2700A2C15B /* Resources */ = {
			isa = PBXResourcesBuildPhase;
			buildActionMask = 2147483647;
			files = (
			);
			runOnlyForDeploymentPostprocessing = 0;
		};
		BD83D4ED2482BC2700A2C15B /* Resources */ = {
			isa = PBXResourcesBuildPhase;
			buildActionMask = 2147483647;
			files = (
			);
			runOnlyForDeploymentPostprocessing = 0;
		};
		BDDF86AD2481D27700E59478 /* Resources */ = {
			isa = PBXResourcesBuildPhase;
			buildActionMask = 2147483647;
			files = (
			);
			runOnlyForDeploymentPostprocessing = 0;
		};
		BDDF86B52481D27700E59478 /* Resources */ = {
			isa = PBXResourcesBuildPhase;
			buildActionMask = 2147483647;
			files = (
			);
			runOnlyForDeploymentPostprocessing = 0;
		};
/* End PBXResourcesBuildPhase section */

/* Begin PBXSourcesBuildPhase section */
		BD45121F2481A9DC00508B44 /* Sources */ = {
			isa = PBXSourcesBuildPhase;
			buildActionMask = 2147483647;
			files = (
				BD16BA442484479900FE915E /* FavoriteBooksListViewController.swift in Sources */,
				BD2A1EE0248316BA00D5B9B2 /* BookDetailsViewController.swift in Sources */,
				BD2A1EDD2482F76800D5B9B2 /* BookImageView.swift in Sources */,
				BD45122B2481A9DC00508B44 /* BooksListViewController.swift in Sources */,
				BD4512272481A9DC00508B44 /* AppDelegate.swift in Sources */,
				BD2A1ED92482ED3600D5B9B2 /* BookCollectionViewCell.swift in Sources */,
				BDDF86A92481B88B00E59478 /* SceneDelegate.swift in Sources */,
			);
			runOnlyForDeploymentPostprocessing = 0;
		};
		BD4512372481A9DE00508B44 /* Sources */ = {
			isa = PBXSourcesBuildPhase;
			buildActionMask = 2147483647;
			files = (
				BD16BA4624848B4900FE915E /* BookDetailsViewControllerTests.swift in Sources */,
				BD16BA482484914600FE915E /* FavoriteBooksListViewControllerTests.swift in Sources */,
				BD4512402481A9DE00508B44 /* BookStoreTests.swift in Sources */,
			);
			runOnlyForDeploymentPostprocessing = 0;
		};
		BD83D4882482A21E00A2C15B /* Sources */ = {
			isa = PBXSourcesBuildPhase;
			buildActionMask = 2147483647;
			files = (
				BD2A1EE8248422FA00D5B9B2 /* FavoriteBookBusiness.swift in Sources */,
				BD83D4DD2482ABAC00A2C15B /* BookBusiness.swift in Sources */,
			);
			runOnlyForDeploymentPostprocessing = 0;
		};
		BD83D4902482A21E00A2C15B /* Sources */ = {
			isa = PBXSourcesBuildPhase;
			buildActionMask = 2147483647;
			files = (
				BD83D4AA2482A3E500A2C15B /* BookBusinessTests.swift in Sources */,
				BD83D4DF2482AC5600A2C15B /* BookProviderMock.swift in Sources */,
				BD2A1EE624841FCE00D5B9B2 /* FavoriteBookBusinessTests.swift in Sources */,
			);
			runOnlyForDeploymentPostprocessing = 0;
		};
		BD83D4AC2482A6D400A2C15B /* Sources */ = {
			isa = PBXSourcesBuildPhase;
			buildActionMask = 2147483647;
			files = (
				BD83D4D02482A85300A2C15B /* Book.swift in Sources */,
				BD83D4D62482AA9C00A2C15B /* ImageLinks.swift in Sources */,
				BD83D4D42482AA5200A2C15B /* SaleInfo.swift in Sources */,
				BD83D4CE2482A6F400A2C15B /* BooksResponse.swift in Sources */,
				BD83D4D22482A92700A2C15B /* VolumeInfo.swift in Sources */,
			);
			runOnlyForDeploymentPostprocessing = 0;
		};
		BD83D4B42482A6D400A2C15B /* Sources */ = {
			isa = PBXSourcesBuildPhase;
			buildActionMask = 2147483647;
			files = (
				BD0A83872482E2D7001A3785 /* ModelTests.swift in Sources */,
			);
			runOnlyForDeploymentPostprocessing = 0;
		};
		BD83D4E32482BC2700A2C15B /* Sources */ = {
			isa = PBXSourcesBuildPhase;
			buildActionMask = 2147483647;
			files = (
				BD2A1EED2484321600D5B9B2 /* FavoriteBookManager.swift in Sources */,
				BD83D50C2482D52500A2C15B /* BooksListManager.swift in Sources */,
			);
			runOnlyForDeploymentPostprocessing = 0;
		};
		BD83D4EB2482BC2700A2C15B /* Sources */ = {
			isa = PBXSourcesBuildPhase;
			buildActionMask = 2147483647;
			files = (
				BD83D5052482BD4700A2C15B /* BooksListManagerTests.swift in Sources */,
				BD0A83852482DA27001A3785 /* BookBusinessMock.swift in Sources */,
				BD2A1EEA2484308200D5B9B2 /* FavoriteBookManagerTests.swift in Sources */,
			);
			runOnlyForDeploymentPostprocessing = 0;
		};
		BDDF86AB2481D27700E59478 /* Sources */ = {
			isa = PBXSourcesBuildPhase;
			buildActionMask = 2147483647;
			files = (
				BD83D4842481F5A400A2C15B /* URLComponents.swift in Sources */,
				BDDF86D22481D86900E59478 /* Request.swift in Sources */,
				BDDF86D52481E21E00E59478 /* BookProvider.swift in Sources */,
				BD2A1EE42484166400D5B9B2 /* FavoriteBookProvider.swift in Sources */,
			);
			runOnlyForDeploymentPostprocessing = 0;
		};
		BDDF86B32481D27700E59478 /* Sources */ = {
			isa = PBXSourcesBuildPhase;
			buildActionMask = 2147483647;
			files = (
				BD2A1EE22484065800D5B9B2 /* FavoriteBookProviderTests.swift in Sources */,
				BD83D4862481FA1A00A2C15B /* RequestMock.swift in Sources */,
				BDDF86D72481E87D00E59478 /* BookProviderTests.swift in Sources */,
			);
			runOnlyForDeploymentPostprocessing = 0;
		};
/* End PBXSourcesBuildPhase section */

/* Begin PBXTargetDependency section */
		BD45123D2481A9DE00508B44 /* PBXTargetDependency */ = {
			isa = PBXTargetDependency;
			target = BD4512222481A9DC00508B44 /* BookStore */;
			targetProxy = BD45123C2481A9DE00508B44 /* PBXContainerItemProxy */;
		};
		BD83D4972482A21E00A2C15B /* PBXTargetDependency */ = {
			isa = PBXTargetDependency;
			target = BD83D48B2482A21E00A2C15B /* Business */;
			targetProxy = BD83D4962482A21E00A2C15B /* PBXContainerItemProxy */;
		};
		BD83D4A02482A21E00A2C15B /* PBXTargetDependency */ = {
			isa = PBXTargetDependency;
			target = BD83D48B2482A21E00A2C15B /* Business */;
			targetProxy = BD83D49F2482A21E00A2C15B /* PBXContainerItemProxy */;
		};
		BD83D4BB2482A6D400A2C15B /* PBXTargetDependency */ = {
			isa = PBXTargetDependency;
			target = BD83D4AF2482A6D400A2C15B /* Model */;
			targetProxy = BD83D4BA2482A6D400A2C15B /* PBXContainerItemProxy */;
		};
		BD83D4BD2482A6D400A2C15B /* PBXTargetDependency */ = {
			isa = PBXTargetDependency;
			target = BD4512222481A9DC00508B44 /* BookStore */;
			targetProxy = BD83D4BC2482A6D400A2C15B /* PBXContainerItemProxy */;
		};
		BD83D4C42482A6D400A2C15B /* PBXTargetDependency */ = {
			isa = PBXTargetDependency;
			target = BD83D4AF2482A6D400A2C15B /* Model */;
			targetProxy = BD83D4C32482A6D400A2C15B /* PBXContainerItemProxy */;
		};
		BD83D4D82482AB1F00A2C15B /* PBXTargetDependency */ = {
			isa = PBXTargetDependency;
			target = BDDF86AE2481D27700E59478 /* Provider */;
			targetProxy = BD83D4D72482AB1F00A2C15B /* PBXContainerItemProxy */;
		};
		BD83D4DA2482AB2400A2C15B /* PBXTargetDependency */ = {
			isa = PBXTargetDependency;
			target = BD83D4AF2482A6D400A2C15B /* Model */;
			targetProxy = BD83D4D92482AB2400A2C15B /* PBXContainerItemProxy */;
		};
		BD83D4F22482BC2700A2C15B /* PBXTargetDependency */ = {
			isa = PBXTargetDependency;
			target = BD83D4E62482BC2700A2C15B /* Manager */;
			targetProxy = BD83D4F12482BC2700A2C15B /* PBXContainerItemProxy */;
		};
		BD83D4FB2482BC2700A2C15B /* PBXTargetDependency */ = {
			isa = PBXTargetDependency;
			target = BD83D4E62482BC2700A2C15B /* Manager */;
			targetProxy = BD83D4FA2482BC2700A2C15B /* PBXContainerItemProxy */;
		};
		BD83D5072482D4D300A2C15B /* PBXTargetDependency */ = {
			isa = PBXTargetDependency;
			target = BD83D4AF2482A6D400A2C15B /* Model */;
			targetProxy = BD83D5062482D4D300A2C15B /* PBXContainerItemProxy */;
		};
		BD83D5092482D4D800A2C15B /* PBXTargetDependency */ = {
			isa = PBXTargetDependency;
			target = BD83D48B2482A21E00A2C15B /* Business */;
			targetProxy = BD83D5082482D4D800A2C15B /* PBXContainerItemProxy */;
		};
		BDDF86BA2481D27700E59478 /* PBXTargetDependency */ = {
			isa = PBXTargetDependency;
			target = BDDF86AE2481D27700E59478 /* Provider */;
			targetProxy = BDDF86B92481D27700E59478 /* PBXContainerItemProxy */;
		};
		BDDF86C32481D27700E59478 /* PBXTargetDependency */ = {
			isa = PBXTargetDependency;
			target = BDDF86AE2481D27700E59478 /* Provider */;
			targetProxy = BDDF86C22481D27700E59478 /* PBXContainerItemProxy */;
		};
/* End PBXTargetDependency section */

/* Begin PBXVariantGroup section */
		BD45122E2481A9DC00508B44 /* Main.storyboard */ = {
			isa = PBXVariantGroup;
			children = (
				BD45122F2481A9DC00508B44 /* Base */,
			);
			name = Main.storyboard;
			sourceTree = "<group>";
		};
		BD4512332481A9DE00508B44 /* LaunchScreen.storyboard */ = {
			isa = PBXVariantGroup;
			children = (
				BD4512342481A9DE00508B44 /* Base */,
			);
			name = LaunchScreen.storyboard;
			sourceTree = "<group>";
		};
/* End PBXVariantGroup section */

/* Begin XCBuildConfiguration section */
		BD4512422481A9DE00508B44 /* Debug */ = {
			isa = XCBuildConfiguration;
			buildSettings = {
				ALWAYS_SEARCH_USER_PATHS = NO;
				CLANG_ANALYZER_NONNULL = YES;
				CLANG_ANALYZER_NUMBER_OBJECT_CONVERSION = YES_AGGRESSIVE;
				CLANG_CXX_LANGUAGE_STANDARD = "gnu++14";
				CLANG_CXX_LIBRARY = "libc++";
				CLANG_ENABLE_MODULES = YES;
				CLANG_ENABLE_OBJC_ARC = YES;
				CLANG_ENABLE_OBJC_WEAK = YES;
				CLANG_WARN_BLOCK_CAPTURE_AUTORELEASING = YES;
				CLANG_WARN_BOOL_CONVERSION = YES;
				CLANG_WARN_COMMA = YES;
				CLANG_WARN_CONSTANT_CONVERSION = YES;
				CLANG_WARN_DEPRECATED_OBJC_IMPLEMENTATIONS = YES;
				CLANG_WARN_DIRECT_OBJC_ISA_USAGE = YES_ERROR;
				CLANG_WARN_DOCUMENTATION_COMMENTS = YES;
				CLANG_WARN_EMPTY_BODY = YES;
				CLANG_WARN_ENUM_CONVERSION = YES;
				CLANG_WARN_INFINITE_RECURSION = YES;
				CLANG_WARN_INT_CONVERSION = YES;
				CLANG_WARN_NON_LITERAL_NULL_CONVERSION = YES;
				CLANG_WARN_OBJC_IMPLICIT_RETAIN_SELF = YES;
				CLANG_WARN_OBJC_LITERAL_CONVERSION = YES;
				CLANG_WARN_OBJC_ROOT_CLASS = YES_ERROR;
				CLANG_WARN_RANGE_LOOP_ANALYSIS = YES;
				CLANG_WARN_STRICT_PROTOTYPES = YES;
				CLANG_WARN_SUSPICIOUS_MOVE = YES;
				CLANG_WARN_UNGUARDED_AVAILABILITY = YES_AGGRESSIVE;
				CLANG_WARN_UNREACHABLE_CODE = YES;
				CLANG_WARN__DUPLICATE_METHOD_MATCH = YES;
				COPY_PHASE_STRIP = NO;
				DEBUG_INFORMATION_FORMAT = dwarf;
				ENABLE_STRICT_OBJC_MSGSEND = YES;
				ENABLE_TESTABILITY = YES;
				GCC_C_LANGUAGE_STANDARD = gnu11;
				GCC_DYNAMIC_NO_PIC = NO;
				GCC_NO_COMMON_BLOCKS = YES;
				GCC_OPTIMIZATION_LEVEL = 0;
				GCC_PREPROCESSOR_DEFINITIONS = (
					"DEBUG=1",
					"$(inherited)",
				);
				GCC_WARN_64_TO_32_BIT_CONVERSION = YES;
				GCC_WARN_ABOUT_RETURN_TYPE = YES_ERROR;
				GCC_WARN_UNDECLARED_SELECTOR = YES;
				GCC_WARN_UNINITIALIZED_AUTOS = YES_AGGRESSIVE;
				GCC_WARN_UNUSED_FUNCTION = YES;
				GCC_WARN_UNUSED_VARIABLE = YES;
				IPHONEOS_DEPLOYMENT_TARGET = 13.2;
				MTL_ENABLE_DEBUG_INFO = INCLUDE_SOURCE;
				MTL_FAST_MATH = YES;
				ONLY_ACTIVE_ARCH = YES;
				SDKROOT = iphoneos;
				SWIFT_ACTIVE_COMPILATION_CONDITIONS = DEBUG;
				SWIFT_OPTIMIZATION_LEVEL = "-Onone";
				SWIFT_VERSION = 4.0;
				TARGETED_DEVICE_FAMILY = "1,2";
			};
			name = Debug;
		};
		BD4512432481A9DE00508B44 /* Release */ = {
			isa = XCBuildConfiguration;
			buildSettings = {
				ALWAYS_SEARCH_USER_PATHS = NO;
				CLANG_ANALYZER_NONNULL = YES;
				CLANG_ANALYZER_NUMBER_OBJECT_CONVERSION = YES_AGGRESSIVE;
				CLANG_CXX_LANGUAGE_STANDARD = "gnu++14";
				CLANG_CXX_LIBRARY = "libc++";
				CLANG_ENABLE_MODULES = YES;
				CLANG_ENABLE_OBJC_ARC = YES;
				CLANG_ENABLE_OBJC_WEAK = YES;
				CLANG_WARN_BLOCK_CAPTURE_AUTORELEASING = YES;
				CLANG_WARN_BOOL_CONVERSION = YES;
				CLANG_WARN_COMMA = YES;
				CLANG_WARN_CONSTANT_CONVERSION = YES;
				CLANG_WARN_DEPRECATED_OBJC_IMPLEMENTATIONS = YES;
				CLANG_WARN_DIRECT_OBJC_ISA_USAGE = YES_ERROR;
				CLANG_WARN_DOCUMENTATION_COMMENTS = YES;
				CLANG_WARN_EMPTY_BODY = YES;
				CLANG_WARN_ENUM_CONVERSION = YES;
				CLANG_WARN_INFINITE_RECURSION = YES;
				CLANG_WARN_INT_CONVERSION = YES;
				CLANG_WARN_NON_LITERAL_NULL_CONVERSION = YES;
				CLANG_WARN_OBJC_IMPLICIT_RETAIN_SELF = YES;
				CLANG_WARN_OBJC_LITERAL_CONVERSION = YES;
				CLANG_WARN_OBJC_ROOT_CLASS = YES_ERROR;
				CLANG_WARN_RANGE_LOOP_ANALYSIS = YES;
				CLANG_WARN_STRICT_PROTOTYPES = YES;
				CLANG_WARN_SUSPICIOUS_MOVE = YES;
				CLANG_WARN_UNGUARDED_AVAILABILITY = YES_AGGRESSIVE;
				CLANG_WARN_UNREACHABLE_CODE = YES;
				CLANG_WARN__DUPLICATE_METHOD_MATCH = YES;
				COPY_PHASE_STRIP = NO;
				DEBUG_INFORMATION_FORMAT = "dwarf-with-dsym";
				ENABLE_NS_ASSERTIONS = NO;
				ENABLE_STRICT_OBJC_MSGSEND = YES;
				GCC_C_LANGUAGE_STANDARD = gnu11;
				GCC_NO_COMMON_BLOCKS = YES;
				GCC_WARN_64_TO_32_BIT_CONVERSION = YES;
				GCC_WARN_ABOUT_RETURN_TYPE = YES_ERROR;
				GCC_WARN_UNDECLARED_SELECTOR = YES;
				GCC_WARN_UNINITIALIZED_AUTOS = YES_AGGRESSIVE;
				GCC_WARN_UNUSED_FUNCTION = YES;
				GCC_WARN_UNUSED_VARIABLE = YES;
				IPHONEOS_DEPLOYMENT_TARGET = 13.2;
				MTL_ENABLE_DEBUG_INFO = NO;
				MTL_FAST_MATH = YES;
				SDKROOT = iphoneos;
				SWIFT_COMPILATION_MODE = wholemodule;
				SWIFT_OPTIMIZATION_LEVEL = "-O";
				SWIFT_VERSION = 4.0;
				TARGETED_DEVICE_FAMILY = "1,2";
				VALIDATE_PRODUCT = YES;
			};
			name = Release;
		};
		BD4512452481A9DE00508B44 /* Debug */ = {
			isa = XCBuildConfiguration;
			buildSettings = {
				ALWAYS_EMBED_SWIFT_STANDARD_LIBRARIES = YES;
				ASSETCATALOG_COMPILER_APPICON_NAME = AppIcon;
				CODE_SIGN_STYLE = Automatic;
				DEVELOPMENT_TEAM = 2V856UFL2V;
				INFOPLIST_FILE = BookStore/Info.plist;
				IPHONEOS_DEPLOYMENT_TARGET = 13.2;
				LD_RUNPATH_SEARCH_PATHS = (
					"$(inherited)",
					"@executable_path/Frameworks",
				);
				PRODUCT_BUNDLE_IDENTIFIER = br.com.serasaconsumidor.serasaapp;
				PRODUCT_NAME = "$(TARGET_NAME)";
				SWIFT_VERSION = 4.0;
				TARGETED_DEVICE_FAMILY = "1,2";
			};
			name = Debug;
		};
		BD4512462481A9DE00508B44 /* Release */ = {
			isa = XCBuildConfiguration;
			buildSettings = {
				ALWAYS_EMBED_SWIFT_STANDARD_LIBRARIES = YES;
				ASSETCATALOG_COMPILER_APPICON_NAME = AppIcon;
				CODE_SIGN_STYLE = Automatic;
				DEVELOPMENT_TEAM = 2V856UFL2V;
				INFOPLIST_FILE = BookStore/Info.plist;
				IPHONEOS_DEPLOYMENT_TARGET = 13.2;
				LD_RUNPATH_SEARCH_PATHS = (
					"$(inherited)",
					"@executable_path/Frameworks",
				);
				PRODUCT_BUNDLE_IDENTIFIER = br.com.serasaconsumidor.serasaapp;
				PRODUCT_NAME = "$(TARGET_NAME)";
				SWIFT_VERSION = 4.0;
				TARGETED_DEVICE_FAMILY = "1,2";
			};
			name = Release;
		};
		BD4512482481A9DE00508B44 /* Debug */ = {
			isa = XCBuildConfiguration;
			buildSettings = {
				ALWAYS_EMBED_SWIFT_STANDARD_LIBRARIES = YES;
				BUNDLE_LOADER = "$(TEST_HOST)";
				CODE_SIGN_STYLE = Automatic;
				INFOPLIST_FILE = BookStoreTests/Info.plist;
				IPHONEOS_DEPLOYMENT_TARGET = 13.2;
				LD_RUNPATH_SEARCH_PATHS = (
					"$(inherited)",
					"@executable_path/Frameworks",
					"@loader_path/Frameworks",
				);
				PRODUCT_BUNDLE_IDENTIFIER = br.com.lucasmacedodelemos.BookStoreTests;
				PRODUCT_NAME = "$(TARGET_NAME)";
				SWIFT_VERSION = 4.0;
				TARGETED_DEVICE_FAMILY = "1,2";
				TEST_HOST = "$(BUILT_PRODUCTS_DIR)/BookStore.app/BookStore";
			};
			name = Debug;
		};
		BD4512492481A9DE00508B44 /* Release */ = {
			isa = XCBuildConfiguration;
			buildSettings = {
				ALWAYS_EMBED_SWIFT_STANDARD_LIBRARIES = YES;
				BUNDLE_LOADER = "$(TEST_HOST)";
				CODE_SIGN_STYLE = Automatic;
				INFOPLIST_FILE = BookStoreTests/Info.plist;
				IPHONEOS_DEPLOYMENT_TARGET = 13.2;
				LD_RUNPATH_SEARCH_PATHS = (
					"$(inherited)",
					"@executable_path/Frameworks",
					"@loader_path/Frameworks",
				);
				PRODUCT_BUNDLE_IDENTIFIER = br.com.lucasmacedodelemos.BookStoreTests;
				PRODUCT_NAME = "$(TARGET_NAME)";
				SWIFT_VERSION = 4.0;
				TARGETED_DEVICE_FAMILY = "1,2";
				TEST_HOST = "$(BUILT_PRODUCTS_DIR)/BookStore.app/BookStore";
			};
			name = Release;
		};
		BD83D4A42482A21E00A2C15B /* Debug */ = {
			isa = XCBuildConfiguration;
			buildSettings = {
				CLANG_ENABLE_MODULES = YES;
				CODE_SIGN_STYLE = Automatic;
				CURRENT_PROJECT_VERSION = 1;
				DEFINES_MODULE = YES;
				DYLIB_COMPATIBILITY_VERSION = 1;
				DYLIB_CURRENT_VERSION = 1;
				DYLIB_INSTALL_NAME_BASE = "@rpath";
				INFOPLIST_FILE = Business/Info.plist;
				INSTALL_PATH = "$(LOCAL_LIBRARY_DIR)/Frameworks";
				IPHONEOS_DEPLOYMENT_TARGET = 13.2;
				LD_RUNPATH_SEARCH_PATHS = (
					"$(inherited)",
					"@executable_path/Frameworks",
					"@loader_path/Frameworks",
				);
				PRODUCT_BUNDLE_IDENTIFIER = br.com.lucasmacedodelemos.Business;
				PRODUCT_NAME = "$(TARGET_NAME:c99extidentifier)";
				SKIP_INSTALL = YES;
				SWIFT_OPTIMIZATION_LEVEL = "-Onone";
				SWIFT_VERSION = 4.0;
				TARGETED_DEVICE_FAMILY = "1,2";
				VERSIONING_SYSTEM = "apple-generic";
				VERSION_INFO_PREFIX = "";
			};
			name = Debug;
		};
		BD83D4A52482A21E00A2C15B /* Release */ = {
			isa = XCBuildConfiguration;
			buildSettings = {
				CLANG_ENABLE_MODULES = YES;
				CODE_SIGN_STYLE = Automatic;
				CURRENT_PROJECT_VERSION = 1;
				DEFINES_MODULE = YES;
				DYLIB_COMPATIBILITY_VERSION = 1;
				DYLIB_CURRENT_VERSION = 1;
				DYLIB_INSTALL_NAME_BASE = "@rpath";
				INFOPLIST_FILE = Business/Info.plist;
				INSTALL_PATH = "$(LOCAL_LIBRARY_DIR)/Frameworks";
				IPHONEOS_DEPLOYMENT_TARGET = 13.2;
				LD_RUNPATH_SEARCH_PATHS = (
					"$(inherited)",
					"@executable_path/Frameworks",
					"@loader_path/Frameworks",
				);
				PRODUCT_BUNDLE_IDENTIFIER = br.com.lucasmacedodelemos.Business;
				PRODUCT_NAME = "$(TARGET_NAME:c99extidentifier)";
				SKIP_INSTALL = YES;
				SWIFT_VERSION = 4.0;
				TARGETED_DEVICE_FAMILY = "1,2";
				VERSIONING_SYSTEM = "apple-generic";
				VERSION_INFO_PREFIX = "";
			};
			name = Release;
		};
		BD83D4A72482A21E00A2C15B /* Debug */ = {
			isa = XCBuildConfiguration;
			buildSettings = {
				ALWAYS_EMBED_SWIFT_STANDARD_LIBRARIES = YES;
				CODE_SIGN_STYLE = Automatic;
				INFOPLIST_FILE = BusinessTests/Info.plist;
				IPHONEOS_DEPLOYMENT_TARGET = 13.2;
				LD_RUNPATH_SEARCH_PATHS = (
					"$(inherited)",
					"@executable_path/Frameworks",
					"@loader_path/Frameworks",
				);
				PRODUCT_BUNDLE_IDENTIFIER = br.com.lucasmacedodelemos.BusinessTests;
				PRODUCT_NAME = "$(TARGET_NAME)";
				SWIFT_VERSION = 4.0;
				TARGETED_DEVICE_FAMILY = "1,2";
				TEST_HOST = "$(BUILT_PRODUCTS_DIR)/BookStore.app/BookStore";
			};
			name = Debug;
		};
		BD83D4A82482A21E00A2C15B /* Release */ = {
			isa = XCBuildConfiguration;
			buildSettings = {
				ALWAYS_EMBED_SWIFT_STANDARD_LIBRARIES = YES;
				CODE_SIGN_STYLE = Automatic;
				INFOPLIST_FILE = BusinessTests/Info.plist;
				IPHONEOS_DEPLOYMENT_TARGET = 13.2;
				LD_RUNPATH_SEARCH_PATHS = (
					"$(inherited)",
					"@executable_path/Frameworks",
					"@loader_path/Frameworks",
				);
				PRODUCT_BUNDLE_IDENTIFIER = br.com.lucasmacedodelemos.BusinessTests;
				PRODUCT_NAME = "$(TARGET_NAME)";
				SWIFT_VERSION = 4.0;
				TARGETED_DEVICE_FAMILY = "1,2";
				TEST_HOST = "$(BUILT_PRODUCTS_DIR)/BookStore.app/BookStore";
			};
			name = Release;
		};
		BD83D4C82482A6D400A2C15B /* Debug */ = {
			isa = XCBuildConfiguration;
			buildSettings = {
				CLANG_ENABLE_MODULES = YES;
				CODE_SIGN_STYLE = Automatic;
				CURRENT_PROJECT_VERSION = 1;
				DEFINES_MODULE = YES;
				DYLIB_COMPATIBILITY_VERSION = 1;
				DYLIB_CURRENT_VERSION = 1;
				DYLIB_INSTALL_NAME_BASE = "@rpath";
				INFOPLIST_FILE = Model/Info.plist;
				INSTALL_PATH = "$(LOCAL_LIBRARY_DIR)/Frameworks";
				IPHONEOS_DEPLOYMENT_TARGET = 13.2;
				LD_RUNPATH_SEARCH_PATHS = (
					"$(inherited)",
					"@executable_path/Frameworks",
					"@loader_path/Frameworks",
				);
				PRODUCT_BUNDLE_IDENTIFIER = br.com.lucasmacedodelemos.Model;
				PRODUCT_NAME = "$(TARGET_NAME:c99extidentifier)";
				SKIP_INSTALL = YES;
				SWIFT_OPTIMIZATION_LEVEL = "-Onone";
				SWIFT_VERSION = 4.0;
				TARGETED_DEVICE_FAMILY = "1,2";
				VERSIONING_SYSTEM = "apple-generic";
				VERSION_INFO_PREFIX = "";
			};
			name = Debug;
		};
		BD83D4C92482A6D400A2C15B /* Release */ = {
			isa = XCBuildConfiguration;
			buildSettings = {
				CLANG_ENABLE_MODULES = YES;
				CODE_SIGN_STYLE = Automatic;
				CURRENT_PROJECT_VERSION = 1;
				DEFINES_MODULE = YES;
				DYLIB_COMPATIBILITY_VERSION = 1;
				DYLIB_CURRENT_VERSION = 1;
				DYLIB_INSTALL_NAME_BASE = "@rpath";
				INFOPLIST_FILE = Model/Info.plist;
				INSTALL_PATH = "$(LOCAL_LIBRARY_DIR)/Frameworks";
				IPHONEOS_DEPLOYMENT_TARGET = 13.2;
				LD_RUNPATH_SEARCH_PATHS = (
					"$(inherited)",
					"@executable_path/Frameworks",
					"@loader_path/Frameworks",
				);
				PRODUCT_BUNDLE_IDENTIFIER = br.com.lucasmacedodelemos.Model;
				PRODUCT_NAME = "$(TARGET_NAME:c99extidentifier)";
				SKIP_INSTALL = YES;
				SWIFT_VERSION = 4.0;
				TARGETED_DEVICE_FAMILY = "1,2";
				VERSIONING_SYSTEM = "apple-generic";
				VERSION_INFO_PREFIX = "";
			};
			name = Release;
		};
		BD83D4CB2482A6D400A2C15B /* Debug */ = {
			isa = XCBuildConfiguration;
			buildSettings = {
				ALWAYS_EMBED_SWIFT_STANDARD_LIBRARIES = YES;
				CLANG_ENABLE_MODULES = YES;
				CODE_SIGN_STYLE = Automatic;
				INFOPLIST_FILE = ModelTests/Info.plist;
				IPHONEOS_DEPLOYMENT_TARGET = 13.2;
				LD_RUNPATH_SEARCH_PATHS = (
					"$(inherited)",
					"@executable_path/Frameworks",
					"@loader_path/Frameworks",
				);
				PRODUCT_BUNDLE_IDENTIFIER = br.com.lucasmacedodelemos.ModelTests;
				PRODUCT_NAME = "$(TARGET_NAME)";
				SWIFT_OPTIMIZATION_LEVEL = "-Onone";
				SWIFT_VERSION = 4.0;
				TARGETED_DEVICE_FAMILY = "1,2";
				TEST_HOST = "$(BUILT_PRODUCTS_DIR)/BookStore.app/BookStore";
			};
			name = Debug;
		};
		BD83D4CC2482A6D400A2C15B /* Release */ = {
			isa = XCBuildConfiguration;
			buildSettings = {
				ALWAYS_EMBED_SWIFT_STANDARD_LIBRARIES = YES;
				CLANG_ENABLE_MODULES = YES;
				CODE_SIGN_STYLE = Automatic;
				INFOPLIST_FILE = ModelTests/Info.plist;
				IPHONEOS_DEPLOYMENT_TARGET = 13.2;
				LD_RUNPATH_SEARCH_PATHS = (
					"$(inherited)",
					"@executable_path/Frameworks",
					"@loader_path/Frameworks",
				);
				PRODUCT_BUNDLE_IDENTIFIER = br.com.lucasmacedodelemos.ModelTests;
				PRODUCT_NAME = "$(TARGET_NAME)";
				SWIFT_VERSION = 4.0;
				TARGETED_DEVICE_FAMILY = "1,2";
				TEST_HOST = "$(BUILT_PRODUCTS_DIR)/BookStore.app/BookStore";
			};
			name = Release;
		};
		BD83D4FF2482BC2700A2C15B /* Debug */ = {
			isa = XCBuildConfiguration;
			buildSettings = {
				CLANG_ENABLE_MODULES = YES;
				CODE_SIGN_STYLE = Automatic;
				CURRENT_PROJECT_VERSION = 1;
				DEFINES_MODULE = YES;
				DYLIB_COMPATIBILITY_VERSION = 1;
				DYLIB_CURRENT_VERSION = 1;
				DYLIB_INSTALL_NAME_BASE = "@rpath";
				INFOPLIST_FILE = Manager/Info.plist;
				INSTALL_PATH = "$(LOCAL_LIBRARY_DIR)/Frameworks";
				IPHONEOS_DEPLOYMENT_TARGET = 13.2;
				LD_RUNPATH_SEARCH_PATHS = (
					"$(inherited)",
					"@executable_path/Frameworks",
					"@loader_path/Frameworks",
				);
				PRODUCT_BUNDLE_IDENTIFIER = br.com.lucasmacedodelemos.Manager;
				PRODUCT_NAME = "$(TARGET_NAME:c99extidentifier)";
				SKIP_INSTALL = YES;
				SWIFT_OPTIMIZATION_LEVEL = "-Onone";
				SWIFT_VERSION = 4.0;
				TARGETED_DEVICE_FAMILY = "1,2";
				VERSIONING_SYSTEM = "apple-generic";
				VERSION_INFO_PREFIX = "";
			};
			name = Debug;
		};
		BD83D5002482BC2700A2C15B /* Release */ = {
			isa = XCBuildConfiguration;
			buildSettings = {
				CLANG_ENABLE_MODULES = YES;
				CODE_SIGN_STYLE = Automatic;
				CURRENT_PROJECT_VERSION = 1;
				DEFINES_MODULE = YES;
				DYLIB_COMPATIBILITY_VERSION = 1;
				DYLIB_CURRENT_VERSION = 1;
				DYLIB_INSTALL_NAME_BASE = "@rpath";
				INFOPLIST_FILE = Manager/Info.plist;
				INSTALL_PATH = "$(LOCAL_LIBRARY_DIR)/Frameworks";
				IPHONEOS_DEPLOYMENT_TARGET = 13.2;
				LD_RUNPATH_SEARCH_PATHS = (
					"$(inherited)",
					"@executable_path/Frameworks",
					"@loader_path/Frameworks",
				);
				PRODUCT_BUNDLE_IDENTIFIER = br.com.lucasmacedodelemos.Manager;
				PRODUCT_NAME = "$(TARGET_NAME:c99extidentifier)";
				SKIP_INSTALL = YES;
				SWIFT_VERSION = 4.0;
				TARGETED_DEVICE_FAMILY = "1,2";
				VERSIONING_SYSTEM = "apple-generic";
				VERSION_INFO_PREFIX = "";
			};
			name = Release;
		};
		BD83D5022482BC2700A2C15B /* Debug */ = {
			isa = XCBuildConfiguration;
			buildSettings = {
				ALWAYS_EMBED_SWIFT_STANDARD_LIBRARIES = YES;
				CODE_SIGN_STYLE = Automatic;
				INFOPLIST_FILE = ManagerTests/Info.plist;
				IPHONEOS_DEPLOYMENT_TARGET = 13.2;
				LD_RUNPATH_SEARCH_PATHS = (
					"$(inherited)",
					"@executable_path/Frameworks",
					"@loader_path/Frameworks",
				);
				PRODUCT_BUNDLE_IDENTIFIER = br.com.lucasmacedodelemos.ManagerTests;
				PRODUCT_NAME = "$(TARGET_NAME)";
				SWIFT_VERSION = 4.0;
				TARGETED_DEVICE_FAMILY = "1,2";
				TEST_HOST = "$(BUILT_PRODUCTS_DIR)/BookStore.app/BookStore";
			};
			name = Debug;
		};
		BD83D5032482BC2700A2C15B /* Release */ = {
			isa = XCBuildConfiguration;
			buildSettings = {
				ALWAYS_EMBED_SWIFT_STANDARD_LIBRARIES = YES;
				CODE_SIGN_STYLE = Automatic;
				INFOPLIST_FILE = ManagerTests/Info.plist;
				IPHONEOS_DEPLOYMENT_TARGET = 13.2;
				LD_RUNPATH_SEARCH_PATHS = (
					"$(inherited)",
					"@executable_path/Frameworks",
					"@loader_path/Frameworks",
				);
				PRODUCT_BUNDLE_IDENTIFIER = br.com.lucasmacedodelemos.ManagerTests;
				PRODUCT_NAME = "$(TARGET_NAME)";
				SWIFT_VERSION = 4.0;
				TARGETED_DEVICE_FAMILY = "1,2";
				TEST_HOST = "$(BUILT_PRODUCTS_DIR)/BookStore.app/BookStore";
			};
			name = Release;
		};
		BDDF86C72481D27700E59478 /* Debug */ = {
			isa = XCBuildConfiguration;
			buildSettings = {
				CLANG_ENABLE_MODULES = YES;
				CODE_SIGN_STYLE = Automatic;
				CURRENT_PROJECT_VERSION = 1;
				DEFINES_MODULE = YES;
				DYLIB_COMPATIBILITY_VERSION = 1;
				DYLIB_CURRENT_VERSION = 1;
				DYLIB_INSTALL_NAME_BASE = "@rpath";
				INFOPLIST_FILE = Provider/Info.plist;
				INSTALL_PATH = "$(LOCAL_LIBRARY_DIR)/Frameworks";
				IPHONEOS_DEPLOYMENT_TARGET = 13.2;
				LD_RUNPATH_SEARCH_PATHS = (
					"$(inherited)",
					"@executable_path/Frameworks",
					"@loader_path/Frameworks",
				);
				PRODUCT_BUNDLE_IDENTIFIER = br.com.lucasmacedodelemos.Provider;
				PRODUCT_NAME = "$(TARGET_NAME:c99extidentifier)";
				SKIP_INSTALL = YES;
				SWIFT_OPTIMIZATION_LEVEL = "-Onone";
				SWIFT_VERSION = 4.0;
				TARGETED_DEVICE_FAMILY = "1,2";
				VERSIONING_SYSTEM = "apple-generic";
				VERSION_INFO_PREFIX = "";
			};
			name = Debug;
		};
		BDDF86C82481D27700E59478 /* Release */ = {
			isa = XCBuildConfiguration;
			buildSettings = {
				CLANG_ENABLE_MODULES = YES;
				CODE_SIGN_STYLE = Automatic;
				CURRENT_PROJECT_VERSION = 1;
				DEFINES_MODULE = YES;
				DYLIB_COMPATIBILITY_VERSION = 1;
				DYLIB_CURRENT_VERSION = 1;
				DYLIB_INSTALL_NAME_BASE = "@rpath";
				INFOPLIST_FILE = Provider/Info.plist;
				INSTALL_PATH = "$(LOCAL_LIBRARY_DIR)/Frameworks";
				IPHONEOS_DEPLOYMENT_TARGET = 13.2;
				LD_RUNPATH_SEARCH_PATHS = (
					"$(inherited)",
					"@executable_path/Frameworks",
					"@loader_path/Frameworks",
				);
				PRODUCT_BUNDLE_IDENTIFIER = br.com.lucasmacedodelemos.Provider;
				PRODUCT_NAME = "$(TARGET_NAME:c99extidentifier)";
				SKIP_INSTALL = YES;
				SWIFT_VERSION = 4.0;
				TARGETED_DEVICE_FAMILY = "1,2";
				VERSIONING_SYSTEM = "apple-generic";
				VERSION_INFO_PREFIX = "";
			};
			name = Release;
		};
		BDDF86C92481D27700E59478 /* Debug */ = {
			isa = XCBuildConfiguration;
			buildSettings = {
				ALWAYS_EMBED_SWIFT_STANDARD_LIBRARIES = YES;
				CODE_SIGN_STYLE = Automatic;
				INFOPLIST_FILE = ProviderTests/Info.plist;
				IPHONEOS_DEPLOYMENT_TARGET = 13.2;
				LD_RUNPATH_SEARCH_PATHS = (
					"$(inherited)",
					"@executable_path/Frameworks",
					"@loader_path/Frameworks",
				);
				PRODUCT_BUNDLE_IDENTIFIER = br.com.lucasmacedodelemos.ProviderTests;
				PRODUCT_NAME = "$(TARGET_NAME)";
				SWIFT_VERSION = 4.0;
				TARGETED_DEVICE_FAMILY = "1,2";
				TEST_HOST = "$(BUILT_PRODUCTS_DIR)/BookStore.app/BookStore";
			};
			name = Debug;
		};
		BDDF86CA2481D27700E59478 /* Release */ = {
			isa = XCBuildConfiguration;
			buildSettings = {
				ALWAYS_EMBED_SWIFT_STANDARD_LIBRARIES = YES;
				CODE_SIGN_STYLE = Automatic;
				INFOPLIST_FILE = ProviderTests/Info.plist;
				IPHONEOS_DEPLOYMENT_TARGET = 13.2;
				LD_RUNPATH_SEARCH_PATHS = (
					"$(inherited)",
					"@executable_path/Frameworks",
					"@loader_path/Frameworks",
				);
				PRODUCT_BUNDLE_IDENTIFIER = br.com.lucasmacedodelemos.ProviderTests;
				PRODUCT_NAME = "$(TARGET_NAME)";
				SWIFT_VERSION = 4.0;
				TARGETED_DEVICE_FAMILY = "1,2";
				TEST_HOST = "$(BUILT_PRODUCTS_DIR)/BookStore.app/BookStore";
			};
			name = Release;
		};
/* End XCBuildConfiguration section */

/* Begin XCConfigurationList section */
		BD45121E2481A9DC00508B44 /* Build configuration list for PBXProject "BookStore" */ = {
			isa = XCConfigurationList;
			buildConfigurations = (
				BD4512422481A9DE00508B44 /* Debug */,
				BD4512432481A9DE00508B44 /* Release */,
			);
			defaultConfigurationIsVisible = 0;
			defaultConfigurationName = Release;
		};
		BD4512442481A9DE00508B44 /* Build configuration list for PBXNativeTarget "BookStore" */ = {
			isa = XCConfigurationList;
			buildConfigurations = (
				BD4512452481A9DE00508B44 /* Debug */,
				BD4512462481A9DE00508B44 /* Release */,
			);
			defaultConfigurationIsVisible = 0;
			defaultConfigurationName = Release;
		};
		BD4512472481A9DE00508B44 /* Build configuration list for PBXNativeTarget "BookStoreTests" */ = {
			isa = XCConfigurationList;
			buildConfigurations = (
				BD4512482481A9DE00508B44 /* Debug */,
				BD4512492481A9DE00508B44 /* Release */,
			);
			defaultConfigurationIsVisible = 0;
			defaultConfigurationName = Release;
		};
		BD83D4A32482A21E00A2C15B /* Build configuration list for PBXNativeTarget "Business" */ = {
			isa = XCConfigurationList;
			buildConfigurations = (
				BD83D4A42482A21E00A2C15B /* Debug */,
				BD83D4A52482A21E00A2C15B /* Release */,
			);
			defaultConfigurationIsVisible = 0;
			defaultConfigurationName = Release;
		};
		BD83D4A62482A21E00A2C15B /* Build configuration list for PBXNativeTarget "BusinessTests" */ = {
			isa = XCConfigurationList;
			buildConfigurations = (
				BD83D4A72482A21E00A2C15B /* Debug */,
				BD83D4A82482A21E00A2C15B /* Release */,
			);
			defaultConfigurationIsVisible = 0;
			defaultConfigurationName = Release;
		};
		BD83D4C72482A6D400A2C15B /* Build configuration list for PBXNativeTarget "Model" */ = {
			isa = XCConfigurationList;
			buildConfigurations = (
				BD83D4C82482A6D400A2C15B /* Debug */,
				BD83D4C92482A6D400A2C15B /* Release */,
			);
			defaultConfigurationIsVisible = 0;
			defaultConfigurationName = Release;
		};
		BD83D4CA2482A6D400A2C15B /* Build configuration list for PBXNativeTarget "ModelTests" */ = {
			isa = XCConfigurationList;
			buildConfigurations = (
				BD83D4CB2482A6D400A2C15B /* Debug */,
				BD83D4CC2482A6D400A2C15B /* Release */,
			);
			defaultConfigurationIsVisible = 0;
			defaultConfigurationName = Release;
		};
		BD83D4FE2482BC2700A2C15B /* Build configuration list for PBXNativeTarget "Manager" */ = {
			isa = XCConfigurationList;
			buildConfigurations = (
				BD83D4FF2482BC2700A2C15B /* Debug */,
				BD83D5002482BC2700A2C15B /* Release */,
			);
			defaultConfigurationIsVisible = 0;
			defaultConfigurationName = Release;
		};
		BD83D5012482BC2700A2C15B /* Build configuration list for PBXNativeTarget "ManagerTests" */ = {
			isa = XCConfigurationList;
			buildConfigurations = (
				BD83D5022482BC2700A2C15B /* Debug */,
				BD83D5032482BC2700A2C15B /* Release */,
			);
			defaultConfigurationIsVisible = 0;
			defaultConfigurationName = Release;
		};
		BDDF86CB2481D27700E59478 /* Build configuration list for PBXNativeTarget "Provider" */ = {
			isa = XCConfigurationList;
			buildConfigurations = (
				BDDF86C72481D27700E59478 /* Debug */,
				BDDF86C82481D27700E59478 /* Release */,
			);
			defaultConfigurationIsVisible = 0;
			defaultConfigurationName = Release;
		};
		BDDF86CC2481D27700E59478 /* Build configuration list for PBXNativeTarget "ProviderTests" */ = {
			isa = XCConfigurationList;
			buildConfigurations = (
				BDDF86C92481D27700E59478 /* Debug */,
				BDDF86CA2481D27700E59478 /* Release */,
			);
			defaultConfigurationIsVisible = 0;
			defaultConfigurationName = Release;
		};
/* End XCConfigurationList section */
	};
	rootObject = BD45121B2481A9DC00508B44 /* Project object */;
}
